// !$*UTF8*$!
{
	archiveVersion = 1;
	classes = {
	};
	objectVersion = 52;
	objects = {

/* Begin PBXBuildFile section */
		096862CA258202BB00B9B614 /* Networking in Frameworks */ = {isa = PBXBuildFile; productRef = 096862C9258202BB00B9B614 /* Networking */; };
		096862CD25829C5A00B9B614 /* User.swift in Sources */ = {isa = PBXBuildFile; fileRef = 096862CC25829C5A00B9B614 /* User.swift */; };
		096862D025829D2600B9B614 /* Model.swift in Sources */ = {isa = PBXBuildFile; fileRef = 096862CF25829D2600B9B614 /* Model.swift */; };
		096862D525829FE300B9B614 /* Arrow in Frameworks */ = {isa = PBXBuildFile; productRef = 096862D425829FE300B9B614 /* Arrow */; };
		096862D82582A03F00B9B614 /* Arrow+Networking.swift in Sources */ = {isa = PBXBuildFile; fileRef = 096862D72582A03F00B9B614 /* Arrow+Networking.swift */; };
		096862DE2582A2EB00B9B614 /* User+Arrow.swift in Sources */ = {isa = PBXBuildFile; fileRef = 096862DD2582A2EB00B9B614 /* User+Arrow.swift */; };
		096862E22582A61C00B9B614 /* Name.swift in Sources */ = {isa = PBXBuildFile; fileRef = 096862E12582A61C00B9B614 /* Name.swift */; };
		096862E52582A67F00B9B614 /* Name+Arrow.swift in Sources */ = {isa = PBXBuildFile; fileRef = 096862E42582A67F00B9B614 /* Name+Arrow.swift */; };
		096862E82582A88600B9B614 /* Workspace.swift in Sources */ = {isa = PBXBuildFile; fileRef = 096862E72582A88600B9B614 /* Workspace.swift */; };
		096862EB2582A8D000B9B614 /* Workspace+Arrow.swift in Sources */ = {isa = PBXBuildFile; fileRef = 096862EA2582A8D000B9B614 /* Workspace+Arrow.swift */; };
		096862EE2582ABCE00B9B614 /* Member.swift in Sources */ = {isa = PBXBuildFile; fileRef = 096862ED2582ABCE00B9B614 /* Member.swift */; };
		096862F12582ACE100B9B614 /* Member+Arrow.swift in Sources */ = {isa = PBXBuildFile; fileRef = 096862F02582ACE100B9B614 /* Member+Arrow.swift */; };
		096862F42582B54F00B9B614 /* WorkspaceWindow.swift in Sources */ = {isa = PBXBuildFile; fileRef = 096862F32582B54F00B9B614 /* WorkspaceWindow.swift */; };
		096862F82582CF6700B9B614 /* Cache in Frameworks */ = {isa = PBXBuildFile; productRef = 096862F72582CF6700B9B614 /* Cache */; };
		096862FB2582CF9500B9B614 /* Cache.swift in Sources */ = {isa = PBXBuildFile; fileRef = 096862FA2582CF9500B9B614 /* Cache.swift */; };
		096862FE2582FF4300B9B614 /* User+Cache.swift in Sources */ = {isa = PBXBuildFile; fileRef = 096862FD2582FF4300B9B614 /* User+Cache.swift */; };
		09686301258300A900B9B614 /* Workspace+Cache.swift in Sources */ = {isa = PBXBuildFile; fileRef = 09686300258300A900B9B614 /* Workspace+Cache.swift */; };
		0990879525797561001660D1 /* AppDelegate.swift in Sources */ = {isa = PBXBuildFile; fileRef = 0990879425797561001660D1 /* AppDelegate.swift */; };
		0990879925797563001660D1 /* Assets.xcassets in Resources */ = {isa = PBXBuildFile; fileRef = 0990879825797563001660D1 /* Assets.xcassets */; };
		099087A625797645001660D1 /* main.swift in Sources */ = {isa = PBXBuildFile; fileRef = 099087A525797645001660D1 /* main.swift */; };
		099087A8257976BF001660D1 /* WindowControllerManager.swift in Sources */ = {isa = PBXBuildFile; fileRef = 099087A7257976BF001660D1 /* WindowControllerManager.swift */; };
		099087BD25799BC2001660D1 /* Screen.swift in Sources */ = {isa = PBXBuildFile; fileRef = 099087BC25799BC2001660D1 /* Screen.swift */; };
		0995DDFC257AED6400DAA334 /* FloatingWindow.swift in Sources */ = {isa = PBXBuildFile; fileRef = 0995DDFB257AED6400DAA334 /* FloatingWindow.swift */; };
		0995DDFF257AEDE000DAA334 /* SidebarWindow.swift in Sources */ = {isa = PBXBuildFile; fileRef = 0995DDFE257AEDE000DAA334 /* SidebarWindow.swift */; };
		0995DE01257AEDEC00DAA334 /* SidebarWindowController.swift in Sources */ = {isa = PBXBuildFile; fileRef = 0995DE00257AEDEC00DAA334 /* SidebarWindowController.swift */; };
		0995DE04257AEFDA00DAA334 /* TeamWindow.swift in Sources */ = {isa = PBXBuildFile; fileRef = 0995DE03257AEFDA00DAA334 /* TeamWindow.swift */; };
		0995DE07257AF49500DAA334 /* TeamMemberWindow.swift in Sources */ = {isa = PBXBuildFile; fileRef = 0995DE06257AF49500DAA334 /* TeamMemberWindow.swift */; };
		0995DE0A257AF91400DAA334 /* TeamMemberViewController.swift in Sources */ = {isa = PBXBuildFile; fileRef = 0995DE09257AF91400DAA334 /* TeamMemberViewController.swift */; };
		0995DE0C257AF98D00DAA334 /* TeamMemberView.swift in Sources */ = {isa = PBXBuildFile; fileRef = 0995DE0B257AF98D00DAA334 /* TeamMemberView.swift */; };
		0995DE0E257B0AE500DAA334 /* TeamMemberAvatarView.swift in Sources */ = {isa = PBXBuildFile; fileRef = 0995DE0D257B0AE500DAA334 /* TeamMemberAvatarView.swift */; };
		0995DE10257B315200DAA334 /* RoundedShadowImageView.swift in Sources */ = {isa = PBXBuildFile; fileRef = 0995DE0F257B315200DAA334 /* RoundedShadowImageView.swift */; };
		0995DE13257B388500DAA334 /* NSBezierPath+CGPath.swift in Sources */ = {isa = PBXBuildFile; fileRef = 0995DE12257B388500DAA334 /* NSBezierPath+CGPath.swift */; };
		0995DE2125816B5E00DAA334 /* Config.swift in Sources */ = {isa = PBXBuildFile; fileRef = 0995DE2025816B5E00DAA334 /* Config.swift */; };
		0995DE2D25818AF000DAA334 /* Logging in Frameworks */ = {isa = PBXBuildFile; productRef = 0995DE2C25818AF000DAA334 /* Logging */; };
		0995DE2F25818B3E00DAA334 /* Logger.swift in Sources */ = {isa = PBXBuildFile; fileRef = 0995DE2E25818B3E00DAA334 /* Logger.swift */; };
		0995DE352581A51F00DAA334 /* Keychain.swift in Sources */ = {isa = PBXBuildFile; fileRef = 0995DE342581A51F00DAA334 /* Keychain.swift */; };
		0995DE382581A9BC00DAA334 /* KeychainError.swift in Sources */ = {isa = PBXBuildFile; fileRef = 0995DE372581A9BC00DAA334 /* KeychainError.swift */; };
		0995DE3B2581CA7500DAA334 /* InternalAPI.swift in Sources */ = {isa = PBXBuildFile; fileRef = 0995DE3A2581CA7500DAA334 /* InternalAPI.swift */; };
		0995DE3D2581CF6A00DAA334 /* API.swift in Sources */ = {isa = PBXBuildFile; fileRef = 0995DE3C2581CF6A00DAA334 /* API.swift */; };
/* End PBXBuildFile section */

/* Begin PBXFileReference section */
		096862CC25829C5A00B9B614 /* User.swift */ = {isa = PBXFileReference; lastKnownFileType = sourcecode.swift; path = User.swift; sourceTree = "<group>"; };
		096862CF25829D2600B9B614 /* Model.swift */ = {isa = PBXFileReference; lastKnownFileType = sourcecode.swift; path = Model.swift; sourceTree = "<group>"; };
		096862D72582A03F00B9B614 /* Arrow+Networking.swift */ = {isa = PBXFileReference; lastKnownFileType = sourcecode.swift; path = "Arrow+Networking.swift"; sourceTree = "<group>"; };
		096862DD2582A2EB00B9B614 /* User+Arrow.swift */ = {isa = PBXFileReference; lastKnownFileType = sourcecode.swift; path = "User+Arrow.swift"; sourceTree = "<group>"; };
		096862E12582A61C00B9B614 /* Name.swift */ = {isa = PBXFileReference; lastKnownFileType = sourcecode.swift; path = Name.swift; sourceTree = "<group>"; };
		096862E42582A67F00B9B614 /* Name+Arrow.swift */ = {isa = PBXFileReference; lastKnownFileType = sourcecode.swift; path = "Name+Arrow.swift"; sourceTree = "<group>"; };
		096862E72582A88600B9B614 /* Workspace.swift */ = {isa = PBXFileReference; lastKnownFileType = sourcecode.swift; path = Workspace.swift; sourceTree = "<group>"; };
		096862EA2582A8D000B9B614 /* Workspace+Arrow.swift */ = {isa = PBXFileReference; lastKnownFileType = sourcecode.swift; path = "Workspace+Arrow.swift"; sourceTree = "<group>"; };
		096862ED2582ABCE00B9B614 /* Member.swift */ = {isa = PBXFileReference; lastKnownFileType = sourcecode.swift; path = Member.swift; sourceTree = "<group>"; };
		096862F02582ACE100B9B614 /* Member+Arrow.swift */ = {isa = PBXFileReference; lastKnownFileType = sourcecode.swift; path = "Member+Arrow.swift"; sourceTree = "<group>"; };
		096862F32582B54F00B9B614 /* WorkspaceWindow.swift */ = {isa = PBXFileReference; lastKnownFileType = sourcecode.swift; path = WorkspaceWindow.swift; sourceTree = "<group>"; };
		096862FA2582CF9500B9B614 /* Cache.swift */ = {isa = PBXFileReference; lastKnownFileType = sourcecode.swift; path = Cache.swift; sourceTree = "<group>"; };
		096862FD2582FF4300B9B614 /* User+Cache.swift */ = {isa = PBXFileReference; lastKnownFileType = sourcecode.swift; path = "User+Cache.swift"; sourceTree = "<group>"; };
		09686300258300A900B9B614 /* Workspace+Cache.swift */ = {isa = PBXFileReference; lastKnownFileType = sourcecode.swift; path = "Workspace+Cache.swift"; sourceTree = "<group>"; };
		0990879125797561001660D1 /* Chat.app */ = {isa = PBXFileReference; explicitFileType = wrapper.application; includeInIndex = 0; path = Chat.app; sourceTree = BUILT_PRODUCTS_DIR; };
		0990879425797561001660D1 /* AppDelegate.swift */ = {isa = PBXFileReference; lastKnownFileType = sourcecode.swift; path = AppDelegate.swift; sourceTree = "<group>"; };
		0990879825797563001660D1 /* Assets.xcassets */ = {isa = PBXFileReference; lastKnownFileType = folder.assetcatalog; path = Assets.xcassets; sourceTree = "<group>"; };
		0990879D25797563001660D1 /* Info.plist */ = {isa = PBXFileReference; lastKnownFileType = text.plist.xml; path = Info.plist; sourceTree = "<group>"; };
		0990879E25797563001660D1 /* Chat.entitlements */ = {isa = PBXFileReference; lastKnownFileType = text.plist.entitlements; path = Chat.entitlements; sourceTree = "<group>"; };
		099087A525797645001660D1 /* main.swift */ = {isa = PBXFileReference; lastKnownFileType = sourcecode.swift; path = main.swift; sourceTree = "<group>"; };
		099087A7257976BF001660D1 /* WindowControllerManager.swift */ = {isa = PBXFileReference; lastKnownFileType = sourcecode.swift; path = WindowControllerManager.swift; sourceTree = "<group>"; };
		099087BC25799BC2001660D1 /* Screen.swift */ = {isa = PBXFileReference; lastKnownFileType = sourcecode.swift; path = Screen.swift; sourceTree = "<group>"; };
		0995DDFB257AED6400DAA334 /* FloatingWindow.swift */ = {isa = PBXFileReference; lastKnownFileType = sourcecode.swift; path = FloatingWindow.swift; sourceTree = "<group>"; };
		0995DDFE257AEDE000DAA334 /* SidebarWindow.swift */ = {isa = PBXFileReference; lastKnownFileType = sourcecode.swift; path = SidebarWindow.swift; sourceTree = "<group>"; };
		0995DE00257AEDEC00DAA334 /* SidebarWindowController.swift */ = {isa = PBXFileReference; lastKnownFileType = sourcecode.swift; path = SidebarWindowController.swift; sourceTree = "<group>"; };
		0995DE03257AEFDA00DAA334 /* TeamWindow.swift */ = {isa = PBXFileReference; lastKnownFileType = sourcecode.swift; path = TeamWindow.swift; sourceTree = "<group>"; };
		0995DE06257AF49500DAA334 /* TeamMemberWindow.swift */ = {isa = PBXFileReference; lastKnownFileType = sourcecode.swift; path = TeamMemberWindow.swift; sourceTree = "<group>"; };
		0995DE09257AF91400DAA334 /* TeamMemberViewController.swift */ = {isa = PBXFileReference; lastKnownFileType = sourcecode.swift; path = TeamMemberViewController.swift; sourceTree = "<group>"; };
		0995DE0B257AF98D00DAA334 /* TeamMemberView.swift */ = {isa = PBXFileReference; lastKnownFileType = sourcecode.swift; path = TeamMemberView.swift; sourceTree = "<group>"; };
		0995DE0D257B0AE500DAA334 /* TeamMemberAvatarView.swift */ = {isa = PBXFileReference; lastKnownFileType = sourcecode.swift; path = TeamMemberAvatarView.swift; sourceTree = "<group>"; };
		0995DE0F257B315200DAA334 /* RoundedShadowImageView.swift */ = {isa = PBXFileReference; lastKnownFileType = sourcecode.swift; path = RoundedShadowImageView.swift; sourceTree = "<group>"; };
		0995DE12257B388500DAA334 /* NSBezierPath+CGPath.swift */ = {isa = PBXFileReference; lastKnownFileType = sourcecode.swift; path = "NSBezierPath+CGPath.swift"; sourceTree = "<group>"; };
		0995DE2025816B5E00DAA334 /* Config.swift */ = {isa = PBXFileReference; lastKnownFileType = sourcecode.swift; path = Config.swift; sourceTree = "<group>"; };
		0995DE29258180F600DAA334 /* Development.xcconfig */ = {isa = PBXFileReference; lastKnownFileType = text.xcconfig; path = Development.xcconfig; sourceTree = SOURCE_ROOT; };
		0995DE2A2581814200DAA334 /* Production.xcconfig */ = {isa = PBXFileReference; lastKnownFileType = text.xcconfig; path = Production.xcconfig; sourceTree = SOURCE_ROOT; };
		0995DE2E25818B3E00DAA334 /* Logger.swift */ = {isa = PBXFileReference; lastKnownFileType = sourcecode.swift; path = Logger.swift; sourceTree = "<group>"; };
		0995DE342581A51F00DAA334 /* Keychain.swift */ = {isa = PBXFileReference; lastKnownFileType = sourcecode.swift; path = Keychain.swift; sourceTree = "<group>"; };
		0995DE372581A9BC00DAA334 /* KeychainError.swift */ = {isa = PBXFileReference; lastKnownFileType = sourcecode.swift; path = KeychainError.swift; sourceTree = "<group>"; };
		0995DE3A2581CA7500DAA334 /* InternalAPI.swift */ = {isa = PBXFileReference; lastKnownFileType = sourcecode.swift; path = InternalAPI.swift; sourceTree = "<group>"; };
		0995DE3C2581CF6A00DAA334 /* API.swift */ = {isa = PBXFileReference; lastKnownFileType = sourcecode.swift; path = API.swift; sourceTree = "<group>"; };
/* End PBXFileReference section */

/* Begin PBXFrameworksBuildPhase section */
		0990878E25797561001660D1 /* Frameworks */ = {
			isa = PBXFrameworksBuildPhase;
			buildActionMask = 2147483647;
			files = (
				096862D525829FE300B9B614 /* Arrow in Frameworks */,
				096862F82582CF6700B9B614 /* Cache in Frameworks */,
				096862CA258202BB00B9B614 /* Networking in Frameworks */,
				0995DE2D25818AF000DAA334 /* Logging in Frameworks */,
			);
			runOnlyForDeploymentPostprocessing = 0;
		};
/* End PBXFrameworksBuildPhase section */

/* Begin PBXGroup section */
		0990878825797561001660D1 = {
			isa = PBXGroup;
			children = (
				0990879325797561001660D1 /* Chat */,
				0990879225797561001660D1 /* Products */,
			);
			sourceTree = "<group>";
		};
		0990879225797561001660D1 /* Products */ = {
			isa = PBXGroup;
			children = (
				0990879125797561001660D1 /* Chat.app */,
			);
			name = Products;
			sourceTree = "<group>";
		};
		0990879325797561001660D1 /* Chat */ = {
			isa = PBXGroup;
			children = (
				099087A525797645001660D1 /* main.swift */,
				0990879425797561001660D1 /* AppDelegate.swift */,
				0995DE142581610200DAA334 /* Managers */,
				0995DE152581610F00DAA334 /* Windows */,
				0995DE162581611400DAA334 /* Views */,
				0995DE172581611D00DAA334 /* Models */,
				0995DE1D2581698300DAA334 /* Networking */,
				099087BB25799BA2001660D1 /* Utilities */,
				0995DE1C2581695A00DAA334 /* Extensions */,
				0995DE362581A9A300DAA334 /* Errors */,
				0995DE262581758200DAA334 /* Configs */,
				099087B325797C69001660D1 /* Supporting Files */,
				0990879825797563001660D1 /* Assets.xcassets */,
			);
			path = Chat;
			sourceTree = "<group>";
		};
		099087B325797C69001660D1 /* Supporting Files */ = {
			isa = PBXGroup;
			children = (
				0990879E25797563001660D1 /* Chat.entitlements */,
				0990879D25797563001660D1 /* Info.plist */,
			);
			name = "Supporting Files";
			sourceTree = "<group>";
		};
		099087BB25799BA2001660D1 /* Utilities */ = {
			isa = PBXGroup;
			children = (
				099087BC25799BC2001660D1 /* Screen.swift */,
				0995DE2025816B5E00DAA334 /* Config.swift */,
				0995DE2E25818B3E00DAA334 /* Logger.swift */,
				0995DE342581A51F00DAA334 /* Keychain.swift */,
				096862FA2582CF9500B9B614 /* Cache.swift */,
			);
			path = Utilities;
			sourceTree = "<group>";
		};
		0995DDFD257AED9D00DAA334 /* SidebarWindow */ = {
			isa = PBXGroup;
			children = (
				0995DDFE257AEDE000DAA334 /* SidebarWindow.swift */,
				0995DE00257AEDEC00DAA334 /* SidebarWindowController.swift */,
			);
			path = SidebarWindow;
			sourceTree = "<group>";
		};
		0995DE08257AF90800DAA334 /* TeamMemberView */ = {
			isa = PBXGroup;
			children = (
				0995DE09257AF91400DAA334 /* TeamMemberViewController.swift */,
				0995DE0B257AF98D00DAA334 /* TeamMemberView.swift */,
			);
			path = TeamMemberView;
			sourceTree = "<group>";
		};
		0995DE142581610200DAA334 /* Managers */ = {
			isa = PBXGroup;
			children = (
				099087A7257976BF001660D1 /* WindowControllerManager.swift */,
			);
			path = Managers;
			sourceTree = "<group>";
		};
		0995DE152581610F00DAA334 /* Windows */ = {
			isa = PBXGroup;
			children = (
				0995DE03257AEFDA00DAA334 /* TeamWindow.swift */,
				0995DE06257AF49500DAA334 /* TeamMemberWindow.swift */,
				0995DDFB257AED6400DAA334 /* FloatingWindow.swift */,
				0995DDFD257AED9D00DAA334 /* SidebarWindow */,
				096862F32582B54F00B9B614 /* WorkspaceWindow.swift */,
			);
			path = Windows;
			sourceTree = "<group>";
		};
		0995DE162581611400DAA334 /* Views */ = {
			isa = PBXGroup;
			children = (
				0995DE1B258162F200DAA334 /* RoundedShadowImageView */,
				0995DE1A2581623400DAA334 /* TeamMemberAvatarView */,
				0995DE08257AF90800DAA334 /* TeamMemberView */,
			);
			path = Views;
			sourceTree = "<group>";
		};
		0995DE172581611D00DAA334 /* Models */ = {
			isa = PBXGroup;
			children = (
				096862CC25829C5A00B9B614 /* User.swift */,
				096862CF25829D2600B9B614 /* Model.swift */,
				096862E12582A61C00B9B614 /* Name.swift */,
				096862E72582A88600B9B614 /* Workspace.swift */,
				096862ED2582ABCE00B9B614 /* Member.swift */,
			);
			path = Models;
			sourceTree = "<group>";
		};
		0995DE1A2581623400DAA334 /* TeamMemberAvatarView */ = {
			isa = PBXGroup;
			children = (
				0995DE0D257B0AE500DAA334 /* TeamMemberAvatarView.swift */,
			);
			path = TeamMemberAvatarView;
			sourceTree = "<group>";
		};
		0995DE1B258162F200DAA334 /* RoundedShadowImageView */ = {
			isa = PBXGroup;
			children = (
				0995DE0F257B315200DAA334 /* RoundedShadowImageView.swift */,
			);
			path = RoundedShadowImageView;
			sourceTree = "<group>";
		};
		0995DE1C2581695A00DAA334 /* Extensions */ = {
			isa = PBXGroup;
			children = (
				0995DE12257B388500DAA334 /* NSBezierPath+CGPath.swift */,
				096862D72582A03F00B9B614 /* Arrow+Networking.swift */,
				096862DD2582A2EB00B9B614 /* User+Arrow.swift */,
				096862E42582A67F00B9B614 /* Name+Arrow.swift */,
				096862EA2582A8D000B9B614 /* Workspace+Arrow.swift */,
				096862F02582ACE100B9B614 /* Member+Arrow.swift */,
				096862FD2582FF4300B9B614 /* User+Cache.swift */,
				09686300258300A900B9B614 /* Workspace+Cache.swift */,
			);
			path = Extensions;
			sourceTree = "<group>";
		};
		0995DE1D2581698300DAA334 /* Networking */ = {
			isa = PBXGroup;
			children = (
				0995DE392581CA6D00DAA334 /* InternalAPI */,
				0995DE3C2581CF6A00DAA334 /* API.swift */,
			);
			path = Networking;
			sourceTree = "<group>";
		};
		0995DE262581758200DAA334 /* Configs */ = {
			isa = PBXGroup;
			children = (
				0995DE29258180F600DAA334 /* Development.xcconfig */,
				0995DE2A2581814200DAA334 /* Production.xcconfig */,
			);
			path = Configs;
			sourceTree = "<group>";
		};
		0995DE362581A9A300DAA334 /* Errors */ = {
			isa = PBXGroup;
			children = (
				0995DE372581A9BC00DAA334 /* KeychainError.swift */,
			);
			path = Errors;
			sourceTree = "<group>";
		};
		0995DE392581CA6D00DAA334 /* InternalAPI */ = {
			isa = PBXGroup;
			children = (
				0995DE3A2581CA7500DAA334 /* InternalAPI.swift */,
			);
			path = InternalAPI;
			sourceTree = "<group>";
		};
/* End PBXGroup section */

/* Begin PBXNativeTarget section */
		0990879025797561001660D1 /* Chat */ = {
			isa = PBXNativeTarget;
			buildConfigurationList = 099087A125797563001660D1 /* Build configuration list for PBXNativeTarget "Chat" */;
			buildPhases = (
				0990878D25797561001660D1 /* Sources */,
				0990878E25797561001660D1 /* Frameworks */,
				0990878F25797561001660D1 /* Resources */,
			);
			buildRules = (
			);
			dependencies = (
			);
			name = Chat;
			packageProductDependencies = (
				0995DE2C25818AF000DAA334 /* Logging */,
				096862C9258202BB00B9B614 /* Networking */,
				096862D425829FE300B9B614 /* Arrow */,
				096862F72582CF6700B9B614 /* Cache */,
			);
			productName = Chat;
			productReference = 0990879125797561001660D1 /* Chat.app */;
			productType = "com.apple.product-type.application";
		};
/* End PBXNativeTarget section */

/* Begin PBXProject section */
		0990878925797561001660D1 /* Project object */ = {
			isa = PBXProject;
			attributes = {
				LastSwiftUpdateCheck = 1170;
				LastUpgradeCheck = 1170;
				ORGANIZATIONNAME = "Ben Whittle";
				TargetAttributes = {
					0990879025797561001660D1 = {
						CreatedOnToolsVersion = 11.7;
					};
				};
			};
			buildConfigurationList = 0990878C25797561001660D1 /* Build configuration list for PBXProject "Chat" */;
			compatibilityVersion = "Xcode 9.3";
			developmentRegion = en;
			hasScannedForEncodings = 0;
			knownRegions = (
				en,
				Base,
			);
			mainGroup = 0990878825797561001660D1;
			packageReferences = (
				0995DE2B25818AF000DAA334 /* XCRemoteSwiftPackageReference "swift-log" */,
				096862C8258202BB00B9B614 /* XCRemoteSwiftPackageReference "Networking" */,
				096862D325829FE300B9B614 /* XCRemoteSwiftPackageReference "Arrow" */,
				096862F62582CF6700B9B614 /* XCRemoteSwiftPackageReference "Cache" */,
			);
			productRefGroup = 0990879225797561001660D1 /* Products */;
			projectDirPath = "";
			projectRoot = "";
			targets = (
				0990879025797561001660D1 /* Chat */,
			);
		};
/* End PBXProject section */

/* Begin PBXResourcesBuildPhase section */
		0990878F25797561001660D1 /* Resources */ = {
			isa = PBXResourcesBuildPhase;
			buildActionMask = 2147483647;
			files = (
				0990879925797563001660D1 /* Assets.xcassets in Resources */,
			);
			runOnlyForDeploymentPostprocessing = 0;
		};
/* End PBXResourcesBuildPhase section */

/* Begin PBXSourcesBuildPhase section */
		0990878D25797561001660D1 /* Sources */ = {
			isa = PBXSourcesBuildPhase;
			buildActionMask = 2147483647;
			files = (
				099087BD25799BC2001660D1 /* Screen.swift in Sources */,
				096862EB2582A8D000B9B614 /* Workspace+Arrow.swift in Sources */,
				096862EE2582ABCE00B9B614 /* Member.swift in Sources */,
				0995DE382581A9BC00DAA334 /* KeychainError.swift in Sources */,
				0995DE04257AEFDA00DAA334 /* TeamWindow.swift in Sources */,
				0995DE3B2581CA7500DAA334 /* InternalAPI.swift in Sources */,
				0990879525797561001660D1 /* AppDelegate.swift in Sources */,
				0995DE07257AF49500DAA334 /* TeamMemberWindow.swift in Sources */,
				0995DE0A257AF91400DAA334 /* TeamMemberViewController.swift in Sources */,
				0995DE01257AEDEC00DAA334 /* SidebarWindowController.swift in Sources */,
				096862DE2582A2EB00B9B614 /* User+Arrow.swift in Sources */,
				0995DDFF257AEDE000DAA334 /* SidebarWindow.swift in Sources */,
				0995DE2F25818B3E00DAA334 /* Logger.swift in Sources */,
				096862D82582A03F00B9B614 /* Arrow+Networking.swift in Sources */,
				099087A625797645001660D1 /* main.swift in Sources */,
				0995DE13257B388500DAA334 /* NSBezierPath+CGPath.swift in Sources */,
				0995DDFC257AED6400DAA334 /* FloatingWindow.swift in Sources */,
				096862E82582A88600B9B614 /* Workspace.swift in Sources */,
				0995DE352581A51F00DAA334 /* Keychain.swift in Sources */,
				0995DE3D2581CF6A00DAA334 /* API.swift in Sources */,
				0995DE10257B315200DAA334 /* RoundedShadowImageView.swift in Sources */,
				096862F12582ACE100B9B614 /* Member+Arrow.swift in Sources */,
				096862E52582A67F00B9B614 /* Name+Arrow.swift in Sources */,
				096862F42582B54F00B9B614 /* WorkspaceWindow.swift in Sources */,
				096862FE2582FF4300B9B614 /* User+Cache.swift in Sources */,
				0995DE0C257AF98D00DAA334 /* TeamMemberView.swift in Sources */,
				0995DE2125816B5E00DAA334 /* Config.swift in Sources */,
				096862FB2582CF9500B9B614 /* Cache.swift in Sources */,
				09686301258300A900B9B614 /* Workspace+Cache.swift in Sources */,
				0995DE0E257B0AE500DAA334 /* TeamMemberAvatarView.swift in Sources */,
				096862D025829D2600B9B614 /* Model.swift in Sources */,
				099087A8257976BF001660D1 /* WindowControllerManager.swift in Sources */,
				096862CD25829C5A00B9B614 /* User.swift in Sources */,
				096862E22582A61C00B9B614 /* Name.swift in Sources */,
			);
			runOnlyForDeploymentPostprocessing = 0;
		};
/* End PBXSourcesBuildPhase section */

/* Begin XCBuildConfiguration section */
		0990879F25797563001660D1 /* Debug (Development) */ = {
			isa = XCBuildConfiguration;
			baseConfigurationReference = 0995DE29258180F600DAA334 /* Development.xcconfig */;
			buildSettings = {
				ALWAYS_SEARCH_USER_PATHS = NO;
				CLANG_ANALYZER_NONNULL = YES;
				CLANG_ANALYZER_NUMBER_OBJECT_CONVERSION = YES_AGGRESSIVE;
				CLANG_CXX_LANGUAGE_STANDARD = "gnu++14";
				CLANG_CXX_LIBRARY = "libc++";
				CLANG_ENABLE_MODULES = YES;
				CLANG_ENABLE_OBJC_ARC = YES;
				CLANG_ENABLE_OBJC_WEAK = YES;
				CLANG_WARN_BLOCK_CAPTURE_AUTORELEASING = YES;
				CLANG_WARN_BOOL_CONVERSION = YES;
				CLANG_WARN_COMMA = YES;
				CLANG_WARN_CONSTANT_CONVERSION = YES;
				CLANG_WARN_DEPRECATED_OBJC_IMPLEMENTATIONS = YES;
				CLANG_WARN_DIRECT_OBJC_ISA_USAGE = YES_ERROR;
				CLANG_WARN_DOCUMENTATION_COMMENTS = YES;
				CLANG_WARN_EMPTY_BODY = YES;
				CLANG_WARN_ENUM_CONVERSION = YES;
				CLANG_WARN_INFINITE_RECURSION = YES;
				CLANG_WARN_INT_CONVERSION = YES;
				CLANG_WARN_NON_LITERAL_NULL_CONVERSION = YES;
				CLANG_WARN_OBJC_IMPLICIT_RETAIN_SELF = YES;
				CLANG_WARN_OBJC_LITERAL_CONVERSION = YES;
				CLANG_WARN_OBJC_ROOT_CLASS = YES_ERROR;
				CLANG_WARN_RANGE_LOOP_ANALYSIS = YES;
				CLANG_WARN_STRICT_PROTOTYPES = YES;
				CLANG_WARN_SUSPICIOUS_MOVE = YES;
				CLANG_WARN_UNGUARDED_AVAILABILITY = YES_AGGRESSIVE;
				CLANG_WARN_UNREACHABLE_CODE = YES;
				CLANG_WARN__DUPLICATE_METHOD_MATCH = YES;
				COPY_PHASE_STRIP = NO;
				DEBUG_INFORMATION_FORMAT = dwarf;
				ENABLE_STRICT_OBJC_MSGSEND = YES;
				ENABLE_TESTABILITY = YES;
				GCC_C_LANGUAGE_STANDARD = gnu11;
				GCC_DYNAMIC_NO_PIC = NO;
				GCC_NO_COMMON_BLOCKS = YES;
				GCC_OPTIMIZATION_LEVEL = 0;
				GCC_PREPROCESSOR_DEFINITIONS = (
					"DEBUG=1",
					"$(inherited)",
				);
				GCC_WARN_64_TO_32_BIT_CONVERSION = YES;
				GCC_WARN_ABOUT_RETURN_TYPE = YES_ERROR;
				GCC_WARN_UNDECLARED_SELECTOR = YES;
				GCC_WARN_UNINITIALIZED_AUTOS = YES_AGGRESSIVE;
				GCC_WARN_UNUSED_FUNCTION = YES;
				GCC_WARN_UNUSED_VARIABLE = YES;
				MACOSX_DEPLOYMENT_TARGET = 10.15;
				MTL_ENABLE_DEBUG_INFO = INCLUDE_SOURCE;
				MTL_FAST_MATH = YES;
				ONLY_ACTIVE_ARCH = YES;
				SDKROOT = macosx;
				SWIFT_ACTIVE_COMPILATION_CONDITIONS = DEBUG;
				SWIFT_OPTIMIZATION_LEVEL = "-Onone";
			};
			name = "Debug (Development)";
		};
		099087A025797563001660D1 /* Release (Development) */ = {
			isa = XCBuildConfiguration;
			baseConfigurationReference = 0995DE29258180F600DAA334 /* Development.xcconfig */;
			buildSettings = {
				ALWAYS_SEARCH_USER_PATHS = NO;
				CLANG_ANALYZER_NONNULL = YES;
				CLANG_ANALYZER_NUMBER_OBJECT_CONVERSION = YES_AGGRESSIVE;
				CLANG_CXX_LANGUAGE_STANDARD = "gnu++14";
				CLANG_CXX_LIBRARY = "libc++";
				CLANG_ENABLE_MODULES = YES;
				CLANG_ENABLE_OBJC_ARC = YES;
				CLANG_ENABLE_OBJC_WEAK = YES;
				CLANG_WARN_BLOCK_CAPTURE_AUTORELEASING = YES;
				CLANG_WARN_BOOL_CONVERSION = YES;
				CLANG_WARN_COMMA = YES;
				CLANG_WARN_CONSTANT_CONVERSION = YES;
				CLANG_WARN_DEPRECATED_OBJC_IMPLEMENTATIONS = YES;
				CLANG_WARN_DIRECT_OBJC_ISA_USAGE = YES_ERROR;
				CLANG_WARN_DOCUMENTATION_COMMENTS = YES;
				CLANG_WARN_EMPTY_BODY = YES;
				CLANG_WARN_ENUM_CONVERSION = YES;
				CLANG_WARN_INFINITE_RECURSION = YES;
				CLANG_WARN_INT_CONVERSION = YES;
				CLANG_WARN_NON_LITERAL_NULL_CONVERSION = YES;
				CLANG_WARN_OBJC_IMPLICIT_RETAIN_SELF = YES;
				CLANG_WARN_OBJC_LITERAL_CONVERSION = YES;
				CLANG_WARN_OBJC_ROOT_CLASS = YES_ERROR;
				CLANG_WARN_RANGE_LOOP_ANALYSIS = YES;
				CLANG_WARN_STRICT_PROTOTYPES = YES;
				CLANG_WARN_SUSPICIOUS_MOVE = YES;
				CLANG_WARN_UNGUARDED_AVAILABILITY = YES_AGGRESSIVE;
				CLANG_WARN_UNREACHABLE_CODE = YES;
				CLANG_WARN__DUPLICATE_METHOD_MATCH = YES;
				COPY_PHASE_STRIP = NO;
				DEBUG_INFORMATION_FORMAT = "dwarf-with-dsym";
				ENABLE_NS_ASSERTIONS = NO;
				ENABLE_STRICT_OBJC_MSGSEND = YES;
				GCC_C_LANGUAGE_STANDARD = gnu11;
				GCC_NO_COMMON_BLOCKS = YES;
				GCC_WARN_64_TO_32_BIT_CONVERSION = YES;
				GCC_WARN_ABOUT_RETURN_TYPE = YES_ERROR;
				GCC_WARN_UNDECLARED_SELECTOR = YES;
				GCC_WARN_UNINITIALIZED_AUTOS = YES_AGGRESSIVE;
				GCC_WARN_UNUSED_FUNCTION = YES;
				GCC_WARN_UNUSED_VARIABLE = YES;
				MACOSX_DEPLOYMENT_TARGET = 10.15;
				MTL_ENABLE_DEBUG_INFO = NO;
				MTL_FAST_MATH = YES;
				SDKROOT = macosx;
				SWIFT_COMPILATION_MODE = wholemodule;
				SWIFT_OPTIMIZATION_LEVEL = "-O";
			};
			name = "Release (Development)";
		};
		099087A225797563001660D1 /* Debug (Development) */ = {
			isa = XCBuildConfiguration;
			baseConfigurationReference = 0995DE29258180F600DAA334 /* Development.xcconfig */;
			buildSettings = {
				ASSETCATALOG_COMPILER_APPICON_NAME = AppIcon;
				CODE_SIGN_ENTITLEMENTS = Chat/Chat.entitlements;
				CODE_SIGN_STYLE = Automatic;
				COMBINE_HIDPI_IMAGES = YES;
				INFOPLIST_FILE = Chat/Info.plist;
				LD_RUNPATH_SEARCH_PATHS = (
					"$(inherited)",
					"@executable_path/../Frameworks",
				);
				PRODUCT_BUNDLE_IDENTIFIER = com.benWhittle.Chat.dev;
				PRODUCT_NAME = "$(TARGET_NAME)";
				SWIFT_VERSION = 5.0;
			};
			name = "Debug (Development)";
		};
		099087A325797563001660D1 /* Release (Development) */ = {
			isa = XCBuildConfiguration;
			baseConfigurationReference = 0995DE29258180F600DAA334 /* Development.xcconfig */;
			buildSettings = {
				ASSETCATALOG_COMPILER_APPICON_NAME = AppIcon;
				CODE_SIGN_ENTITLEMENTS = Chat/Chat.entitlements;
				CODE_SIGN_STYLE = Automatic;
				COMBINE_HIDPI_IMAGES = YES;
				INFOPLIST_FILE = Chat/Info.plist;
				LD_RUNPATH_SEARCH_PATHS = (
					"$(inherited)",
					"@executable_path/../Frameworks",
				);
				PRODUCT_BUNDLE_IDENTIFIER = com.benWhittle.Chat.dev;
				PRODUCT_NAME = "$(TARGET_NAME)";
				SWIFT_VERSION = 5.0;
			};
			name = "Release (Development)";
		};
		0995DE222581737700DAA334 /* Debug (Production) */ = {
			isa = XCBuildConfiguration;
			baseConfigurationReference = 0995DE2A2581814200DAA334 /* Production.xcconfig */;
			buildSettings = {
				ALWAYS_SEARCH_USER_PATHS = NO;
				CLANG_ANALYZER_NONNULL = YES;
				CLANG_ANALYZER_NUMBER_OBJECT_CONVERSION = YES_AGGRESSIVE;
				CLANG_CXX_LANGUAGE_STANDARD = "gnu++14";
				CLANG_CXX_LIBRARY = "libc++";
				CLANG_ENABLE_MODULES = YES;
				CLANG_ENABLE_OBJC_ARC = YES;
				CLANG_ENABLE_OBJC_WEAK = YES;
				CLANG_WARN_BLOCK_CAPTURE_AUTORELEASING = YES;
				CLANG_WARN_BOOL_CONVERSION = YES;
				CLANG_WARN_COMMA = YES;
				CLANG_WARN_CONSTANT_CONVERSION = YES;
				CLANG_WARN_DEPRECATED_OBJC_IMPLEMENTATIONS = YES;
				CLANG_WARN_DIRECT_OBJC_ISA_USAGE = YES_ERROR;
				CLANG_WARN_DOCUMENTATION_COMMENTS = YES;
				CLANG_WARN_EMPTY_BODY = YES;
				CLANG_WARN_ENUM_CONVERSION = YES;
				CLANG_WARN_INFINITE_RECURSION = YES;
				CLANG_WARN_INT_CONVERSION = YES;
				CLANG_WARN_NON_LITERAL_NULL_CONVERSION = YES;
				CLANG_WARN_OBJC_IMPLICIT_RETAIN_SELF = YES;
				CLANG_WARN_OBJC_LITERAL_CONVERSION = YES;
				CLANG_WARN_OBJC_ROOT_CLASS = YES_ERROR;
				CLANG_WARN_RANGE_LOOP_ANALYSIS = YES;
				CLANG_WARN_STRICT_PROTOTYPES = YES;
				CLANG_WARN_SUSPICIOUS_MOVE = YES;
				CLANG_WARN_UNGUARDED_AVAILABILITY = YES_AGGRESSIVE;
				CLANG_WARN_UNREACHABLE_CODE = YES;
				CLANG_WARN__DUPLICATE_METHOD_MATCH = YES;
				COPY_PHASE_STRIP = NO;
				DEBUG_INFORMATION_FORMAT = dwarf;
				ENABLE_STRICT_OBJC_MSGSEND = YES;
				ENABLE_TESTABILITY = YES;
				GCC_C_LANGUAGE_STANDARD = gnu11;
				GCC_DYNAMIC_NO_PIC = NO;
				GCC_NO_COMMON_BLOCKS = YES;
				GCC_OPTIMIZATION_LEVEL = 0;
				GCC_PREPROCESSOR_DEFINITIONS = (
					"DEBUG=1",
					"$(inherited)",
				);
				GCC_WARN_64_TO_32_BIT_CONVERSION = YES;
				GCC_WARN_ABOUT_RETURN_TYPE = YES_ERROR;
				GCC_WARN_UNDECLARED_SELECTOR = YES;
				GCC_WARN_UNINITIALIZED_AUTOS = YES_AGGRESSIVE;
				GCC_WARN_UNUSED_FUNCTION = YES;
				GCC_WARN_UNUSED_VARIABLE = YES;
				MACOSX_DEPLOYMENT_TARGET = 10.15;
				MTL_ENABLE_DEBUG_INFO = INCLUDE_SOURCE;
				MTL_FAST_MATH = YES;
				ONLY_ACTIVE_ARCH = YES;
				SDKROOT = macosx;
				SWIFT_ACTIVE_COMPILATION_CONDITIONS = DEBUG;
				SWIFT_OPTIMIZATION_LEVEL = "-Onone";
			};
			name = "Debug (Production)";
		};
		0995DE232581737700DAA334 /* Debug (Production) */ = {
			isa = XCBuildConfiguration;
			baseConfigurationReference = 0995DE2A2581814200DAA334 /* Production.xcconfig */;
			buildSettings = {
				ASSETCATALOG_COMPILER_APPICON_NAME = AppIcon;
				CODE_SIGN_ENTITLEMENTS = Chat/Chat.entitlements;
				CODE_SIGN_STYLE = Automatic;
				COMBINE_HIDPI_IMAGES = YES;
				INFOPLIST_FILE = Chat/Info.plist;
				LD_RUNPATH_SEARCH_PATHS = (
					"$(inherited)",
					"@executable_path/../Frameworks",
				);
				PRODUCT_BUNDLE_IDENTIFIER = com.benWhittle.Chat.prod;
				PRODUCT_NAME = "$(TARGET_NAME)";
				SWIFT_VERSION = 5.0;
			};
			name = "Debug (Production)";
		};
		0995DE24258173B700DAA334 /* Release (Production) */ = {
			isa = XCBuildConfiguration;
			baseConfigurationReference = 0995DE2A2581814200DAA334 /* Production.xcconfig */;
			buildSettings = {
				ALWAYS_SEARCH_USER_PATHS = NO;
				CLANG_ANALYZER_NONNULL = YES;
				CLANG_ANALYZER_NUMBER_OBJECT_CONVERSION = YES_AGGRESSIVE;
				CLANG_CXX_LANGUAGE_STANDARD = "gnu++14";
				CLANG_CXX_LIBRARY = "libc++";
				CLANG_ENABLE_MODULES = YES;
				CLANG_ENABLE_OBJC_ARC = YES;
				CLANG_ENABLE_OBJC_WEAK = YES;
				CLANG_WARN_BLOCK_CAPTURE_AUTORELEASING = YES;
				CLANG_WARN_BOOL_CONVERSION = YES;
				CLANG_WARN_COMMA = YES;
				CLANG_WARN_CONSTANT_CONVERSION = YES;
				CLANG_WARN_DEPRECATED_OBJC_IMPLEMENTATIONS = YES;
				CLANG_WARN_DIRECT_OBJC_ISA_USAGE = YES_ERROR;
				CLANG_WARN_DOCUMENTATION_COMMENTS = YES;
				CLANG_WARN_EMPTY_BODY = YES;
				CLANG_WARN_ENUM_CONVERSION = YES;
				CLANG_WARN_INFINITE_RECURSION = YES;
				CLANG_WARN_INT_CONVERSION = YES;
				CLANG_WARN_NON_LITERAL_NULL_CONVERSION = YES;
				CLANG_WARN_OBJC_IMPLICIT_RETAIN_SELF = YES;
				CLANG_WARN_OBJC_LITERAL_CONVERSION = YES;
				CLANG_WARN_OBJC_ROOT_CLASS = YES_ERROR;
				CLANG_WARN_RANGE_LOOP_ANALYSIS = YES;
				CLANG_WARN_STRICT_PROTOTYPES = YES;
				CLANG_WARN_SUSPICIOUS_MOVE = YES;
				CLANG_WARN_UNGUARDED_AVAILABILITY = YES_AGGRESSIVE;
				CLANG_WARN_UNREACHABLE_CODE = YES;
				CLANG_WARN__DUPLICATE_METHOD_MATCH = YES;
				COPY_PHASE_STRIP = NO;
				DEBUG_INFORMATION_FORMAT = "dwarf-with-dsym";
				ENABLE_NS_ASSERTIONS = NO;
				ENABLE_STRICT_OBJC_MSGSEND = YES;
				GCC_C_LANGUAGE_STANDARD = gnu11;
				GCC_NO_COMMON_BLOCKS = YES;
				GCC_WARN_64_TO_32_BIT_CONVERSION = YES;
				GCC_WARN_ABOUT_RETURN_TYPE = YES_ERROR;
				GCC_WARN_UNDECLARED_SELECTOR = YES;
				GCC_WARN_UNINITIALIZED_AUTOS = YES_AGGRESSIVE;
				GCC_WARN_UNUSED_FUNCTION = YES;
				GCC_WARN_UNUSED_VARIABLE = YES;
				MACOSX_DEPLOYMENT_TARGET = 10.15;
				MTL_ENABLE_DEBUG_INFO = NO;
				MTL_FAST_MATH = YES;
				SDKROOT = macosx;
				SWIFT_COMPILATION_MODE = wholemodule;
				SWIFT_OPTIMIZATION_LEVEL = "-O";
			};
			name = "Release (Production)";
		};
		0995DE25258173B700DAA334 /* Release (Production) */ = {
			isa = XCBuildConfiguration;
			baseConfigurationReference = 0995DE2A2581814200DAA334 /* Production.xcconfig */;
			buildSettings = {
				ASSETCATALOG_COMPILER_APPICON_NAME = AppIcon;
				CODE_SIGN_ENTITLEMENTS = Chat/Chat.entitlements;
				CODE_SIGN_STYLE = Automatic;
				COMBINE_HIDPI_IMAGES = YES;
				INFOPLIST_FILE = Chat/Info.plist;
				LD_RUNPATH_SEARCH_PATHS = (
					"$(inherited)",
					"@executable_path/../Frameworks",
				);
				PRODUCT_BUNDLE_IDENTIFIER = com.benWhittle.Chat.prod;
				PRODUCT_NAME = "$(TARGET_NAME)";
				SWIFT_VERSION = 5.0;
			};
			name = "Release (Production)";
		};
/* End XCBuildConfiguration section */

/* Begin XCConfigurationList section */
		0990878C25797561001660D1 /* Build configuration list for PBXProject "Chat" */ = {
			isa = XCConfigurationList;
			buildConfigurations = (
				0990879F25797563001660D1 /* Debug (Development) */,
				0995DE222581737700DAA334 /* Debug (Production) */,
				099087A025797563001660D1 /* Release (Development) */,
				0995DE24258173B700DAA334 /* Release (Production) */,
			);
			defaultConfigurationIsVisible = 0;
			defaultConfigurationName = "Release (Production)";
		};
		099087A125797563001660D1 /* Build configuration list for PBXNativeTarget "Chat" */ = {
			isa = XCConfigurationList;
			buildConfigurations = (
				099087A225797563001660D1 /* Debug (Development) */,
				0995DE232581737700DAA334 /* Debug (Production) */,
				099087A325797563001660D1 /* Release (Development) */,
				0995DE25258173B700DAA334 /* Release (Production) */,
			);
			defaultConfigurationIsVisible = 0;
			defaultConfigurationName = "Release (Production)";
		};
/* End XCConfigurationList section */

/* Begin XCRemoteSwiftPackageReference section */
		096862C8258202BB00B9B614 /* XCRemoteSwiftPackageReference "Networking" */ = {
			isa = XCRemoteSwiftPackageReference;
			repositoryURL = "https://github.com/freshOS/Networking";
			requirement = {
				kind = upToNextMajorVersion;
				minimumVersion = 0.3.2;
			};
		};
		096862D325829FE300B9B614 /* XCRemoteSwiftPackageReference "Arrow" */ = {
			isa = XCRemoteSwiftPackageReference;
			repositoryURL = "https://github.com/freshOS/Arrow";
			requirement = {
				kind = upToNextMajorVersion;
				minimumVersion = 6.0.0;
			};
		};
		096862F62582CF6700B9B614 /* XCRemoteSwiftPackageReference "Cache" */ = {
			isa = XCRemoteSwiftPackageReference;
			repositoryURL = "https://github.com/hyperoslo/Cache";
			requirement = {
				kind = upToNextMajorVersion;
				minimumVersion = 6.0.0;
			};
		};
		0995DE2B25818AF000DAA334 /* XCRemoteSwiftPackageReference "swift-log" */ = {
			isa = XCRemoteSwiftPackageReference;
			repositoryURL = "https://github.com/apple/swift-log.git";
			requirement = {
				kind = upToNextMajorVersion;
				minimumVersion = 1.4.0;
			};
		};
/* End XCRemoteSwiftPackageReference section */

/* Begin XCSwiftPackageProductDependency section */
		096862C9258202BB00B9B614 /* Networking */ = {
			isa = XCSwiftPackageProductDependency;
			package = 096862C8258202BB00B9B614 /* XCRemoteSwiftPackageReference "Networking" */;
			productName = Networking;
		};
		096862D425829FE300B9B614 /* Arrow */ = {
			isa = XCSwiftPackageProductDependency;
			package = 096862D325829FE300B9B614 /* XCRemoteSwiftPackageReference "Arrow" */;
			productName = Arrow;
		};
		096862F72582CF6700B9B614 /* Cache */ = {
			isa = XCSwiftPackageProductDependency;
			package = 096862F62582CF6700B9B614 /* XCRemoteSwiftPackageReference "Cache" */;
			productName = Cache;
		};
		0995DE2C25818AF000DAA334 /* Logging */ = {
			isa = XCSwiftPackageProductDependency;
			package = 0995DE2B25818AF000DAA334 /* XCRemoteSwiftPackageReference "swift-log" */;
			productName = Logging;
		};
/* End XCSwiftPackageProductDependency section */
	};
	rootObject = 0990878925797561001660D1 /* Project object */;
}
