// !$*UTF8*$!
{
	archiveVersion = 1;
	classes = {
	};
	objectVersion = 52;
	objects = {

/* Begin PBXBuildFile section */
		09074D7D2599222700E72F93 /* Color.swift in Sources */ = {isa = PBXBuildFile; fileRef = 09074D7C2599222700E72F93 /* Color.swift */; };
		09074D81259934B900E72F93 /* ChannelParticleView.swift in Sources */ = {isa = PBXBuildFile; fileRef = 09074D80259934B900E72F93 /* ChannelParticleView.swift */; };
		09074D84259982DE00E72F93 /* ChannelAvatarViewController.swift in Sources */ = {isa = PBXBuildFile; fileRef = 09074D83259982DE00E72F93 /* ChannelAvatarViewController.swift */; };
		09074D872599BD0500E72F93 /* ChannelState.swift in Sources */ = {isa = PBXBuildFile; fileRef = 09074D862599BD0500E72F93 /* ChannelState.swift */; };
		0940E06E25A4D946006184D7 /* AV.swift in Sources */ = {isa = PBXBuildFile; fileRef = 0940E06D25A4D946006184D7 /* AV.swift */; };
		0940E07B25A7ACF1006184D7 /* UserSettings.swift in Sources */ = {isa = PBXBuildFile; fileRef = 0940E07A25A7ACF1006184D7 /* UserSettings.swift */; };
		0940E08025A7B6AB006184D7 /* Mic.swift in Sources */ = {isa = PBXBuildFile; fileRef = 0940E07F25A7B6AB006184D7 /* Mic.swift */; };
		0949C897259686E800B61D1F /* NSView+Subviews.swift in Sources */ = {isa = PBXBuildFile; fileRef = 0949C896259686E800B61D1F /* NSView+Subviews.swift */; };
		0949C8B2259908E900B61D1F /* ParticleViewDelegate.swift in Sources */ = {isa = PBXBuildFile; fileRef = 0949C8B1259908E900B61D1F /* ParticleViewDelegate.swift */; };
		094DAAE525AEBA3300CFC2EC /* DataProviderError.swift in Sources */ = {isa = PBXBuildFile; fileRef = 094DAAE425AEBA3300CFC2EC /* DataProviderError.swift */; };
		094DAAE825AEBAE300CFC2EC /* LocalCacheError.swift in Sources */ = {isa = PBXBuildFile; fileRef = 094DAAE725AEBAE300CFC2EC /* LocalCacheError.swift */; };
		094DAAF025AEDAB900CFC2EC /* Path.swift in Sources */ = {isa = PBXBuildFile; fileRef = 094DAAEF25AEDAB900CFC2EC /* Path.swift */; };
		094DAB0025AF942500CFC2EC /* WorkspaceDataProvider.swift in Sources */ = {isa = PBXBuildFile; fileRef = 094DAAFF25AF942500CFC2EC /* WorkspaceDataProvider.swift */; };
		094DAB0325AF948300CFC2EC /* UserDataProvider.swift in Sources */ = {isa = PBXBuildFile; fileRef = 094DAB0225AF948300CFC2EC /* UserDataProvider.swift */; };
		094DAB0A25AFB98600CFC2EC /* Dictionary+Helpers.swift in Sources */ = {isa = PBXBuildFile; fileRef = 094DAB0925AFB98600CFC2EC /* Dictionary+Helpers.swift */; };
		094DAB0E25AFBB8F00CFC2EC /* String+Helpers.swift in Sources */ = {isa = PBXBuildFile; fileRef = 094DAB0D25AFBB8F00CFC2EC /* String+Helpers.swift */; };
		094DAB1125AFD72900CFC2EC /* Session.swift in Sources */ = {isa = PBXBuildFile; fileRef = 094DAB1025AFD72900CFC2EC /* Session.swift */; };
		094DAB1425AFE70500CFC2EC /* NSImage+Helpers.swift in Sources */ = {isa = PBXBuildFile; fileRef = 094DAB1325AFE70500CFC2EC /* NSImage+Helpers.swift */; };
		094DAB1825AFEB0900CFC2EC /* ImageCache.swift in Sources */ = {isa = PBXBuildFile; fileRef = 094DAB1725AFEB0900CFC2EC /* ImageCache.swift */; };
		094DAB1C25B11F0A00CFC2EC /* WorkspaceWindowModel.swift in Sources */ = {isa = PBXBuildFile; fileRef = 094DAB1B25B11F0A00CFC2EC /* WorkspaceWindowModel.swift */; };
		094DAB1F25B1335E00CFC2EC /* Publisher+Operators.swift in Sources */ = {isa = PBXBuildFile; fileRef = 094DAB1E25B1335E00CFC2EC /* Publisher+Operators.swift */; };
		095C6765259A6A8800729845 /* ChasingTailSpinnerView.swift in Sources */ = {isa = PBXBuildFile; fileRef = 095C6764259A6A8800729845 /* ChasingTailSpinnerView.swift */; };
		095C676C259E706000729845 /* SelfDrawnCheckmarkView.swift in Sources */ = {isa = PBXBuildFile; fileRef = 095C676B259E706000729845 /* SelfDrawnCheckmarkView.swift */; };
		095C677025A29AA200729845 /* Channel.swift in Sources */ = {isa = PBXBuildFile; fileRef = 095C676F25A29AA200729845 /* Channel.swift */; };
		095C677325A29B7300729845 /* Message.swift in Sources */ = {isa = PBXBuildFile; fileRef = 095C677225A29B7300729845 /* Message.swift */; };
		095C677625A29C6700729845 /* Channel+Arrow.swift in Sources */ = {isa = PBXBuildFile; fileRef = 095C677525A29C6700729845 /* Channel+Arrow.swift */; };
		095C677A25A29CC300729845 /* Message+Arrow.swift in Sources */ = {isa = PBXBuildFile; fileRef = 095C677925A29CC300729845 /* Message+Arrow.swift */; };
		096862CA258202BB00B9B614 /* Networking in Frameworks */ = {isa = PBXBuildFile; productRef = 096862C9258202BB00B9B614 /* Networking */; };
		096862CD25829C5A00B9B614 /* User.swift in Sources */ = {isa = PBXBuildFile; fileRef = 096862CC25829C5A00B9B614 /* User.swift */; };
		096862D525829FE300B9B614 /* Arrow in Frameworks */ = {isa = PBXBuildFile; productRef = 096862D425829FE300B9B614 /* Arrow */; };
		096862D82582A03F00B9B614 /* Arrow+Networking.swift in Sources */ = {isa = PBXBuildFile; fileRef = 096862D72582A03F00B9B614 /* Arrow+Networking.swift */; };
		096862DE2582A2EB00B9B614 /* User+Arrow.swift in Sources */ = {isa = PBXBuildFile; fileRef = 096862DD2582A2EB00B9B614 /* User+Arrow.swift */; };
		096862E22582A61C00B9B614 /* Name.swift in Sources */ = {isa = PBXBuildFile; fileRef = 096862E12582A61C00B9B614 /* Name.swift */; };
		096862E52582A67F00B9B614 /* Name+Arrow.swift in Sources */ = {isa = PBXBuildFile; fileRef = 096862E42582A67F00B9B614 /* Name+Arrow.swift */; };
		096862E82582A88600B9B614 /* Workspace.swift in Sources */ = {isa = PBXBuildFile; fileRef = 096862E72582A88600B9B614 /* Workspace.swift */; };
		096862EB2582A8D000B9B614 /* Workspace+Arrow.swift in Sources */ = {isa = PBXBuildFile; fileRef = 096862EA2582A8D000B9B614 /* Workspace+Arrow.swift */; };
		096862EE2582ABCE00B9B614 /* Member.swift in Sources */ = {isa = PBXBuildFile; fileRef = 096862ED2582ABCE00B9B614 /* Member.swift */; };
		096862F12582ACE100B9B614 /* Member+Arrow.swift in Sources */ = {isa = PBXBuildFile; fileRef = 096862F02582ACE100B9B614 /* Member+Arrow.swift */; };
		096862F42582B54F00B9B614 /* WorkspaceWindowController.swift in Sources */ = {isa = PBXBuildFile; fileRef = 096862F32582B54F00B9B614 /* WorkspaceWindowController.swift */; };
		096862F82582CF6700B9B614 /* Cache in Frameworks */ = {isa = PBXBuildFile; productRef = 096862F72582CF6700B9B614 /* Cache */; };
		0968631F2583FB2A00B9B614 /* mocks.swift in Sources */ = {isa = PBXBuildFile; fileRef = 0968631E2583FB2A00B9B614 /* mocks.swift */; };
		09686328258427A500B9B614 /* ChannelViewController.swift in Sources */ = {isa = PBXBuildFile; fileRef = 09686327258427A500B9B614 /* ChannelViewController.swift */; };
		0968632C2584299400B9B614 /* ChannelView.swift in Sources */ = {isa = PBXBuildFile; fileRef = 0968632B2584299400B9B614 /* ChannelView.swift */; };
		0968633125859A3000B9B614 /* ChannelAvatarView.swift in Sources */ = {isa = PBXBuildFile; fileRef = 0968633025859A3000B9B614 /* ChannelAvatarView.swift */; };
		096863352586C2B000B9B614 /* RoundView.swift in Sources */ = {isa = PBXBuildFile; fileRef = 096863342586C2B000B9B614 /* RoundView.swift */; };
		096863382586C42B00B9B614 /* RoundShadowView.swift in Sources */ = {isa = PBXBuildFile; fileRef = 096863372586C42B00B9B614 /* RoundShadowView.swift */; };
		097228F725B63EA100219591 /* ChannelWindow.swift in Sources */ = {isa = PBXBuildFile; fileRef = 097228F625B63EA100219591 /* ChannelWindow.swift */; };
		097228FC25BC8F0C00219591 /* ChannelAvatarViewModel.swift in Sources */ = {isa = PBXBuildFile; fileRef = 097228FB25BC8F0C00219591 /* ChannelAvatarViewModel.swift */; };
		0972290225BCC98800219591 /* UserDefaults+RawRepresentable.swift in Sources */ = {isa = PBXBuildFile; fileRef = 0972290125BCC98800219591 /* UserDefaults+RawRepresentable.swift */; };
		0990879525797561001660D1 /* AppDelegate.swift in Sources */ = {isa = PBXBuildFile; fileRef = 0990879425797561001660D1 /* AppDelegate.swift */; };
		0990879925797563001660D1 /* Assets.xcassets in Resources */ = {isa = PBXBuildFile; fileRef = 0990879825797563001660D1 /* Assets.xcassets */; };
		099087A625797645001660D1 /* main.swift in Sources */ = {isa = PBXBuildFile; fileRef = 099087A525797645001660D1 /* main.swift */; };
		099087A8257976BF001660D1 /* WindowControllerManager.swift in Sources */ = {isa = PBXBuildFile; fileRef = 099087A7257976BF001660D1 /* WindowControllerManager.swift */; };
		099087BD25799BC2001660D1 /* Screen.swift in Sources */ = {isa = PBXBuildFile; fileRef = 099087BC25799BC2001660D1 /* Screen.swift */; };
		0995DDFC257AED6400DAA334 /* FloatingWindow.swift in Sources */ = {isa = PBXBuildFile; fileRef = 0995DDFB257AED6400DAA334 /* FloatingWindow.swift */; };
		0995DDFF257AEDE000DAA334 /* SidebarWindow.swift in Sources */ = {isa = PBXBuildFile; fileRef = 0995DDFE257AEDE000DAA334 /* SidebarWindow.swift */; };
		0995DE01257AEDEC00DAA334 /* SidebarWindowController.swift in Sources */ = {isa = PBXBuildFile; fileRef = 0995DE00257AEDEC00DAA334 /* SidebarWindowController.swift */; };
		0995DE13257B388500DAA334 /* NSBezierPath+CGPath.swift in Sources */ = {isa = PBXBuildFile; fileRef = 0995DE12257B388500DAA334 /* NSBezierPath+CGPath.swift */; };
		0995DE2125816B5E00DAA334 /* Config.swift in Sources */ = {isa = PBXBuildFile; fileRef = 0995DE2025816B5E00DAA334 /* Config.swift */; };
		0995DE2D25818AF000DAA334 /* Logging in Frameworks */ = {isa = PBXBuildFile; productRef = 0995DE2C25818AF000DAA334 /* Logging */; };
		0995DE2F25818B3E00DAA334 /* Logger.swift in Sources */ = {isa = PBXBuildFile; fileRef = 0995DE2E25818B3E00DAA334 /* Logger.swift */; };
		0995DE352581A51F00DAA334 /* Keychain.swift in Sources */ = {isa = PBXBuildFile; fileRef = 0995DE342581A51F00DAA334 /* Keychain.swift */; };
		0995DE382581A9BC00DAA334 /* KeychainError.swift in Sources */ = {isa = PBXBuildFile; fileRef = 0995DE372581A9BC00DAA334 /* KeychainError.swift */; };
		0995DE3B2581CA7500DAA334 /* InternalAPI.swift in Sources */ = {isa = PBXBuildFile; fileRef = 0995DE3A2581CA7500DAA334 /* InternalAPI.swift */; };
		0995DE3D2581CF6A00DAA334 /* API.swift in Sources */ = {isa = PBXBuildFile; fileRef = 0995DE3C2581CF6A00DAA334 /* API.swift */; };
		0996443625A8F4A6004473B7 /* AudioRecorder.swift in Sources */ = {isa = PBXBuildFile; fileRef = 0996443525A8F4A6004473B7 /* AudioRecorder.swift */; };
		0996443A25A8F6B5004473B7 /* AudioRecording.swift in Sources */ = {isa = PBXBuildFile; fileRef = 0996443925A8F6B5004473B7 /* AudioRecording.swift */; };
		0996443D25A91755004473B7 /* SpeechRecognizerDelegate.swift in Sources */ = {isa = PBXBuildFile; fileRef = 0996443C25A91755004473B7 /* SpeechRecognizerDelegate.swift */; };
		0996444425ABAB43004473B7 /* AudioAnalysis.swift in Sources */ = {isa = PBXBuildFile; fileRef = 0996444325ABAB43004473B7 /* AudioAnalysis.swift */; };
		0996444825ABD34D004473B7 /* AudioSnapshot.swift in Sources */ = {isa = PBXBuildFile; fileRef = 0996444725ABD34D004473B7 /* AudioSnapshot.swift */; };
		0996445125AE6FD9004473B7 /* DataProvider.swift in Sources */ = {isa = PBXBuildFile; fileRef = 0996445025AE6FD9004473B7 /* DataProvider.swift */; };
		0996445525AE7A1D004473B7 /* Model.swift in Sources */ = {isa = PBXBuildFile; fileRef = 0996445425AE7A1D004473B7 /* Model.swift */; };
		0996446725AE92DF004473B7 /* CacheManager.swift in Sources */ = {isa = PBXBuildFile; fileRef = 0996446625AE92DF004473B7 /* CacheManager.swift */; };
		0996446B25AE92FD004473B7 /* CodableCache.swift in Sources */ = {isa = PBXBuildFile; fileRef = 0996446A25AE92FD004473B7 /* CodableCache.swift */; };
		0999974F25953600008E65FB /* ParticleShader.metal in Sources */ = {isa = PBXBuildFile; fileRef = 0999974E25953600008E65FB /* ParticleShader.metal */; };
		099997522595371E008E65FB /* ParticleView.swift in Sources */ = {isa = PBXBuildFile; fileRef = 099997512595371E008E65FB /* ParticleView.swift */; };
		09C1328125A7C3AC00FB1D90 /* SFSpeechRecognizer+AuthStatus.swift in Sources */ = {isa = PBXBuildFile; fileRef = 09C1328025A7C3AC00FB1D90 /* SFSpeechRecognizer+AuthStatus.swift */; };
		09C1328425A7C6A500FB1D90 /* SpeechRecognizer.swift in Sources */ = {isa = PBXBuildFile; fileRef = 09C1328325A7C6A500FB1D90 /* SpeechRecognizer.swift */; };
		09C1328725A7C9C600FB1D90 /* SpeechAnalyzer.swift in Sources */ = {isa = PBXBuildFile; fileRef = 09C1328625A7C9C600FB1D90 /* SpeechAnalyzer.swift */; };
		09C1328D25A7CA3600FB1D90 /* ChannelPromptSpeechAnalyzer.swift in Sources */ = {isa = PBXBuildFile; fileRef = 09C1328C25A7CA3600FB1D90 /* ChannelPromptSpeechAnalyzer.swift */; };
		09C1329125A7D19E00FB1D90 /* SpeechAnalyzerProtocol.swift in Sources */ = {isa = PBXBuildFile; fileRef = 09C1329025A7D19E00FB1D90 /* SpeechAnalyzerProtocol.swift */; };
		09C1329425A7D59800FB1D90 /* SpeechAnalyzerType.swift in Sources */ = {isa = PBXBuildFile; fileRef = 09C1329325A7D59800FB1D90 /* SpeechAnalyzerType.swift */; };
		09D19A5F25B25DAD00C0C476 /* ChannelDataProvider.swift in Sources */ = {isa = PBXBuildFile; fileRef = 09D19A5E25B25DAD00C0C476 /* ChannelDataProvider.swift */; };
		09D19A6225B38D5100C0C476 /* Array+Helpers.swift in Sources */ = {isa = PBXBuildFile; fileRef = 09D19A6125B38D5100C0C476 /* Array+Helpers.swift */; };
		09D19A6525B38DDB00C0C476 /* MemberDataProvider.swift in Sources */ = {isa = PBXBuildFile; fileRef = 09D19A6425B38DDB00C0C476 /* MemberDataProvider.swift */; };
		09D3FC0425B4F80000CC744A /* ImageError.swift in Sources */ = {isa = PBXBuildFile; fileRef = 09D3FC0325B4F80000CC744A /* ImageError.swift */; };
		09D3FC0925B5015C00CC744A /* WorkspaceWindow.swift in Sources */ = {isa = PBXBuildFile; fileRef = 09D3FC0825B5015C00CC744A /* WorkspaceWindow.swift */; };
		09D3FC0E25B50ADA00CC744A /* WorkspaceKeyManager.swift in Sources */ = {isa = PBXBuildFile; fileRef = 09D3FC0D25B50ADA00CC744A /* WorkspaceKeyManager.swift */; };
		09F534E725A7F76D001B4FF6 /* SpeechAnalyzerDelegate.swift in Sources */ = {isa = PBXBuildFile; fileRef = 09F534E625A7F76D001B4FF6 /* SpeechAnalyzerDelegate.swift */; };
		09F60AC6258BFD450020974A /* NSRect+Location.swift in Sources */ = {isa = PBXBuildFile; fileRef = 09F60AC5258BFD450020974A /* NSRect+Location.swift */; };
		09F60AC9258C13680020974A /* Icon.swift in Sources */ = {isa = PBXBuildFile; fileRef = 09F60AC8258C13680020974A /* Icon.swift */; };
		09F60ACC258C2FD50020974A /* Style.swift in Sources */ = {isa = PBXBuildFile; fileRef = 09F60ACB258C2FD50020974A /* Style.swift */; };
		09F60ACF258C37AC0020974A /* NSView+Animation.swift in Sources */ = {isa = PBXBuildFile; fileRef = 09F60ACE258C37AC0020974A /* NSView+Animation.swift */; };
		09F60AD72592B7CE0020974A /* HotKey in Frameworks */ = {isa = PBXBuildFile; productRef = 09F60AD62592B7CE0020974A /* HotKey */; };
		09FF53D025B524930083CD28 /* ChannelWindowController.swift in Sources */ = {isa = PBXBuildFile; fileRef = 09FF53CF25B524930083CD28 /* ChannelWindowController.swift */; };
		09FF53D325B5293D0083CD28 /* ChannelRenderSpec.swift in Sources */ = {isa = PBXBuildFile; fileRef = 09FF53D225B5293D0083CD28 /* ChannelRenderSpec.swift */; };
/* End PBXBuildFile section */

/* Begin PBXFileReference section */
		09074D7C2599222700E72F93 /* Color.swift */ = {isa = PBXFileReference; lastKnownFileType = sourcecode.swift; path = Color.swift; sourceTree = "<group>"; };
		09074D80259934B900E72F93 /* ChannelParticleView.swift */ = {isa = PBXFileReference; lastKnownFileType = sourcecode.swift; path = ChannelParticleView.swift; sourceTree = "<group>"; };
		09074D83259982DE00E72F93 /* ChannelAvatarViewController.swift */ = {isa = PBXFileReference; lastKnownFileType = sourcecode.swift; path = ChannelAvatarViewController.swift; sourceTree = "<group>"; };
		09074D862599BD0500E72F93 /* ChannelState.swift */ = {isa = PBXFileReference; lastKnownFileType = sourcecode.swift; path = ChannelState.swift; sourceTree = "<group>"; };
		0940E06D25A4D946006184D7 /* AV.swift */ = {isa = PBXFileReference; lastKnownFileType = sourcecode.swift; path = AV.swift; sourceTree = "<group>"; };
		0940E07A25A7ACF1006184D7 /* UserSettings.swift */ = {isa = PBXFileReference; lastKnownFileType = sourcecode.swift; path = UserSettings.swift; sourceTree = "<group>"; };
		0940E07F25A7B6AB006184D7 /* Mic.swift */ = {isa = PBXFileReference; lastKnownFileType = sourcecode.swift; path = Mic.swift; sourceTree = "<group>"; };
		0949C896259686E800B61D1F /* NSView+Subviews.swift */ = {isa = PBXFileReference; lastKnownFileType = sourcecode.swift; path = "NSView+Subviews.swift"; sourceTree = "<group>"; };
		0949C8B1259908E900B61D1F /* ParticleViewDelegate.swift */ = {isa = PBXFileReference; lastKnownFileType = sourcecode.swift; path = ParticleViewDelegate.swift; sourceTree = "<group>"; };
		094DAAE425AEBA3300CFC2EC /* DataProviderError.swift */ = {isa = PBXFileReference; lastKnownFileType = sourcecode.swift; path = DataProviderError.swift; sourceTree = "<group>"; };
		094DAAE725AEBAE300CFC2EC /* LocalCacheError.swift */ = {isa = PBXFileReference; lastKnownFileType = sourcecode.swift; path = LocalCacheError.swift; sourceTree = "<group>"; };
		094DAAEF25AEDAB900CFC2EC /* Path.swift */ = {isa = PBXFileReference; lastKnownFileType = sourcecode.swift; path = Path.swift; sourceTree = "<group>"; };
		094DAAFF25AF942500CFC2EC /* WorkspaceDataProvider.swift */ = {isa = PBXFileReference; lastKnownFileType = sourcecode.swift; path = WorkspaceDataProvider.swift; sourceTree = "<group>"; };
		094DAB0225AF948300CFC2EC /* UserDataProvider.swift */ = {isa = PBXFileReference; lastKnownFileType = sourcecode.swift; path = UserDataProvider.swift; sourceTree = "<group>"; };
		094DAB0925AFB98600CFC2EC /* Dictionary+Helpers.swift */ = {isa = PBXFileReference; lastKnownFileType = sourcecode.swift; path = "Dictionary+Helpers.swift"; sourceTree = "<group>"; };
		094DAB0D25AFBB8F00CFC2EC /* String+Helpers.swift */ = {isa = PBXFileReference; lastKnownFileType = sourcecode.swift; path = "String+Helpers.swift"; sourceTree = "<group>"; };
		094DAB1025AFD72900CFC2EC /* Session.swift */ = {isa = PBXFileReference; lastKnownFileType = sourcecode.swift; path = Session.swift; sourceTree = "<group>"; };
		094DAB1325AFE70500CFC2EC /* NSImage+Helpers.swift */ = {isa = PBXFileReference; lastKnownFileType = sourcecode.swift; path = "NSImage+Helpers.swift"; sourceTree = "<group>"; };
		094DAB1725AFEB0900CFC2EC /* ImageCache.swift */ = {isa = PBXFileReference; lastKnownFileType = sourcecode.swift; path = ImageCache.swift; sourceTree = "<group>"; };
		094DAB1B25B11F0A00CFC2EC /* WorkspaceWindowModel.swift */ = {isa = PBXFileReference; lastKnownFileType = sourcecode.swift; path = WorkspaceWindowModel.swift; sourceTree = "<group>"; };
		094DAB1E25B1335E00CFC2EC /* Publisher+Operators.swift */ = {isa = PBXFileReference; lastKnownFileType = sourcecode.swift; path = "Publisher+Operators.swift"; sourceTree = "<group>"; };
		095C6764259A6A8800729845 /* ChasingTailSpinnerView.swift */ = {isa = PBXFileReference; lastKnownFileType = sourcecode.swift; path = ChasingTailSpinnerView.swift; sourceTree = "<group>"; };
		095C676B259E706000729845 /* SelfDrawnCheckmarkView.swift */ = {isa = PBXFileReference; lastKnownFileType = sourcecode.swift; path = SelfDrawnCheckmarkView.swift; sourceTree = "<group>"; };
		095C676F25A29AA200729845 /* Channel.swift */ = {isa = PBXFileReference; lastKnownFileType = sourcecode.swift; path = Channel.swift; sourceTree = "<group>"; };
		095C677225A29B7300729845 /* Message.swift */ = {isa = PBXFileReference; lastKnownFileType = sourcecode.swift; path = Message.swift; sourceTree = "<group>"; };
		095C677525A29C6700729845 /* Channel+Arrow.swift */ = {isa = PBXFileReference; lastKnownFileType = sourcecode.swift; path = "Channel+Arrow.swift"; sourceTree = "<group>"; };
		095C677925A29CC300729845 /* Message+Arrow.swift */ = {isa = PBXFileReference; lastKnownFileType = sourcecode.swift; path = "Message+Arrow.swift"; sourceTree = "<group>"; };
		096862CC25829C5A00B9B614 /* User.swift */ = {isa = PBXFileReference; lastKnownFileType = sourcecode.swift; path = User.swift; sourceTree = "<group>"; };
		096862D72582A03F00B9B614 /* Arrow+Networking.swift */ = {isa = PBXFileReference; lastKnownFileType = sourcecode.swift; path = "Arrow+Networking.swift"; sourceTree = "<group>"; };
		096862DD2582A2EB00B9B614 /* User+Arrow.swift */ = {isa = PBXFileReference; lastKnownFileType = sourcecode.swift; path = "User+Arrow.swift"; sourceTree = "<group>"; };
		096862E12582A61C00B9B614 /* Name.swift */ = {isa = PBXFileReference; lastKnownFileType = sourcecode.swift; path = Name.swift; sourceTree = "<group>"; };
		096862E42582A67F00B9B614 /* Name+Arrow.swift */ = {isa = PBXFileReference; lastKnownFileType = sourcecode.swift; path = "Name+Arrow.swift"; sourceTree = "<group>"; };
		096862E72582A88600B9B614 /* Workspace.swift */ = {isa = PBXFileReference; lastKnownFileType = sourcecode.swift; path = Workspace.swift; sourceTree = "<group>"; };
		096862EA2582A8D000B9B614 /* Workspace+Arrow.swift */ = {isa = PBXFileReference; lastKnownFileType = sourcecode.swift; path = "Workspace+Arrow.swift"; sourceTree = "<group>"; };
		096862ED2582ABCE00B9B614 /* Member.swift */ = {isa = PBXFileReference; lastKnownFileType = sourcecode.swift; path = Member.swift; sourceTree = "<group>"; };
		096862F02582ACE100B9B614 /* Member+Arrow.swift */ = {isa = PBXFileReference; lastKnownFileType = sourcecode.swift; path = "Member+Arrow.swift"; sourceTree = "<group>"; };
		096862F32582B54F00B9B614 /* WorkspaceWindowController.swift */ = {isa = PBXFileReference; lastKnownFileType = sourcecode.swift; path = WorkspaceWindowController.swift; sourceTree = "<group>"; };
		0968631E2583FB2A00B9B614 /* mocks.swift */ = {isa = PBXFileReference; lastKnownFileType = sourcecode.swift; path = mocks.swift; sourceTree = "<group>"; };
		09686327258427A500B9B614 /* ChannelViewController.swift */ = {isa = PBXFileReference; lastKnownFileType = sourcecode.swift; path = ChannelViewController.swift; sourceTree = "<group>"; };
		0968632B2584299400B9B614 /* ChannelView.swift */ = {isa = PBXFileReference; lastKnownFileType = sourcecode.swift; path = ChannelView.swift; sourceTree = "<group>"; };
		0968633025859A3000B9B614 /* ChannelAvatarView.swift */ = {isa = PBXFileReference; lastKnownFileType = sourcecode.swift; path = ChannelAvatarView.swift; sourceTree = "<group>"; };
		096863342586C2B000B9B614 /* RoundView.swift */ = {isa = PBXFileReference; lastKnownFileType = sourcecode.swift; path = RoundView.swift; sourceTree = "<group>"; };
		096863372586C42B00B9B614 /* RoundShadowView.swift */ = {isa = PBXFileReference; lastKnownFileType = sourcecode.swift; path = RoundShadowView.swift; sourceTree = "<group>"; };
		097228F625B63EA100219591 /* ChannelWindow.swift */ = {isa = PBXFileReference; lastKnownFileType = sourcecode.swift; path = ChannelWindow.swift; sourceTree = "<group>"; };
		097228FB25BC8F0C00219591 /* ChannelAvatarViewModel.swift */ = {isa = PBXFileReference; lastKnownFileType = sourcecode.swift; path = ChannelAvatarViewModel.swift; sourceTree = "<group>"; };
		0972290125BCC98800219591 /* UserDefaults+RawRepresentable.swift */ = {isa = PBXFileReference; lastKnownFileType = sourcecode.swift; path = "UserDefaults+RawRepresentable.swift"; sourceTree = "<group>"; };
		0990879125797561001660D1 /* Chat.app */ = {isa = PBXFileReference; explicitFileType = wrapper.application; includeInIndex = 0; path = Chat.app; sourceTree = BUILT_PRODUCTS_DIR; };
		0990879425797561001660D1 /* AppDelegate.swift */ = {isa = PBXFileReference; lastKnownFileType = sourcecode.swift; path = AppDelegate.swift; sourceTree = "<group>"; };
		0990879825797563001660D1 /* Assets.xcassets */ = {isa = PBXFileReference; lastKnownFileType = folder.assetcatalog; path = Assets.xcassets; sourceTree = "<group>"; };
		0990879D25797563001660D1 /* Info.plist */ = {isa = PBXFileReference; lastKnownFileType = text.plist.xml; path = Info.plist; sourceTree = "<group>"; };
		0990879E25797563001660D1 /* Chat.entitlements */ = {isa = PBXFileReference; lastKnownFileType = text.plist.entitlements; path = Chat.entitlements; sourceTree = "<group>"; };
		099087A525797645001660D1 /* main.swift */ = {isa = PBXFileReference; lastKnownFileType = sourcecode.swift; path = main.swift; sourceTree = "<group>"; };
		099087A7257976BF001660D1 /* WindowControllerManager.swift */ = {isa = PBXFileReference; lastKnownFileType = sourcecode.swift; path = WindowControllerManager.swift; sourceTree = "<group>"; };
		099087BC25799BC2001660D1 /* Screen.swift */ = {isa = PBXFileReference; lastKnownFileType = sourcecode.swift; path = Screen.swift; sourceTree = "<group>"; };
		0995DDFB257AED6400DAA334 /* FloatingWindow.swift */ = {isa = PBXFileReference; lastKnownFileType = sourcecode.swift; path = FloatingWindow.swift; sourceTree = "<group>"; };
		0995DDFE257AEDE000DAA334 /* SidebarWindow.swift */ = {isa = PBXFileReference; lastKnownFileType = sourcecode.swift; path = SidebarWindow.swift; sourceTree = "<group>"; };
		0995DE00257AEDEC00DAA334 /* SidebarWindowController.swift */ = {isa = PBXFileReference; lastKnownFileType = sourcecode.swift; path = SidebarWindowController.swift; sourceTree = "<group>"; };
		0995DE12257B388500DAA334 /* NSBezierPath+CGPath.swift */ = {isa = PBXFileReference; lastKnownFileType = sourcecode.swift; path = "NSBezierPath+CGPath.swift"; sourceTree = "<group>"; };
		0995DE2025816B5E00DAA334 /* Config.swift */ = {isa = PBXFileReference; lastKnownFileType = sourcecode.swift; path = Config.swift; sourceTree = "<group>"; };
		0995DE29258180F600DAA334 /* Development.xcconfig */ = {isa = PBXFileReference; lastKnownFileType = text.xcconfig; path = Development.xcconfig; sourceTree = SOURCE_ROOT; };
		0995DE2A2581814200DAA334 /* Production.xcconfig */ = {isa = PBXFileReference; lastKnownFileType = text.xcconfig; path = Production.xcconfig; sourceTree = SOURCE_ROOT; };
		0995DE2E25818B3E00DAA334 /* Logger.swift */ = {isa = PBXFileReference; lastKnownFileType = sourcecode.swift; path = Logger.swift; sourceTree = "<group>"; };
		0995DE342581A51F00DAA334 /* Keychain.swift */ = {isa = PBXFileReference; lastKnownFileType = sourcecode.swift; path = Keychain.swift; sourceTree = "<group>"; };
		0995DE372581A9BC00DAA334 /* KeychainError.swift */ = {isa = PBXFileReference; lastKnownFileType = sourcecode.swift; path = KeychainError.swift; sourceTree = "<group>"; };
		0995DE3A2581CA7500DAA334 /* InternalAPI.swift */ = {isa = PBXFileReference; lastKnownFileType = sourcecode.swift; path = InternalAPI.swift; sourceTree = "<group>"; };
		0995DE3C2581CF6A00DAA334 /* API.swift */ = {isa = PBXFileReference; lastKnownFileType = sourcecode.swift; path = API.swift; sourceTree = "<group>"; };
		0996443525A8F4A6004473B7 /* AudioRecorder.swift */ = {isa = PBXFileReference; lastKnownFileType = sourcecode.swift; path = AudioRecorder.swift; sourceTree = "<group>"; };
		0996443925A8F6B5004473B7 /* AudioRecording.swift */ = {isa = PBXFileReference; lastKnownFileType = sourcecode.swift; path = AudioRecording.swift; sourceTree = "<group>"; };
		0996443C25A91755004473B7 /* SpeechRecognizerDelegate.swift */ = {isa = PBXFileReference; lastKnownFileType = sourcecode.swift; path = SpeechRecognizerDelegate.swift; sourceTree = "<group>"; };
		0996444325ABAB43004473B7 /* AudioAnalysis.swift */ = {isa = PBXFileReference; lastKnownFileType = sourcecode.swift; path = AudioAnalysis.swift; sourceTree = "<group>"; };
		0996444725ABD34D004473B7 /* AudioSnapshot.swift */ = {isa = PBXFileReference; lastKnownFileType = sourcecode.swift; path = AudioSnapshot.swift; sourceTree = "<group>"; };
		0996445025AE6FD9004473B7 /* DataProvider.swift */ = {isa = PBXFileReference; lastKnownFileType = sourcecode.swift; path = DataProvider.swift; sourceTree = "<group>"; };
		0996445425AE7A1D004473B7 /* Model.swift */ = {isa = PBXFileReference; lastKnownFileType = sourcecode.swift; path = Model.swift; sourceTree = "<group>"; };
		0996446625AE92DF004473B7 /* CacheManager.swift */ = {isa = PBXFileReference; lastKnownFileType = sourcecode.swift; path = CacheManager.swift; sourceTree = "<group>"; };
		0996446A25AE92FD004473B7 /* CodableCache.swift */ = {isa = PBXFileReference; lastKnownFileType = sourcecode.swift; path = CodableCache.swift; sourceTree = "<group>"; };
		0999974E25953600008E65FB /* ParticleShader.metal */ = {isa = PBXFileReference; lastKnownFileType = sourcecode.metal; path = ParticleShader.metal; sourceTree = "<group>"; };
		099997512595371E008E65FB /* ParticleView.swift */ = {isa = PBXFileReference; lastKnownFileType = sourcecode.swift; path = ParticleView.swift; sourceTree = "<group>"; };
		09C1328025A7C3AC00FB1D90 /* SFSpeechRecognizer+AuthStatus.swift */ = {isa = PBXFileReference; lastKnownFileType = sourcecode.swift; path = "SFSpeechRecognizer+AuthStatus.swift"; sourceTree = "<group>"; };
		09C1328325A7C6A500FB1D90 /* SpeechRecognizer.swift */ = {isa = PBXFileReference; lastKnownFileType = sourcecode.swift; path = SpeechRecognizer.swift; sourceTree = "<group>"; };
		09C1328625A7C9C600FB1D90 /* SpeechAnalyzer.swift */ = {isa = PBXFileReference; lastKnownFileType = sourcecode.swift; path = SpeechAnalyzer.swift; sourceTree = "<group>"; };
		09C1328C25A7CA3600FB1D90 /* ChannelPromptSpeechAnalyzer.swift */ = {isa = PBXFileReference; lastKnownFileType = sourcecode.swift; path = ChannelPromptSpeechAnalyzer.swift; sourceTree = "<group>"; };
		09C1329025A7D19E00FB1D90 /* SpeechAnalyzerProtocol.swift */ = {isa = PBXFileReference; lastKnownFileType = sourcecode.swift; path = SpeechAnalyzerProtocol.swift; sourceTree = "<group>"; };
		09C1329325A7D59800FB1D90 /* SpeechAnalyzerType.swift */ = {isa = PBXFileReference; lastKnownFileType = sourcecode.swift; path = SpeechAnalyzerType.swift; sourceTree = "<group>"; };
		09D19A5E25B25DAD00C0C476 /* ChannelDataProvider.swift */ = {isa = PBXFileReference; lastKnownFileType = sourcecode.swift; path = ChannelDataProvider.swift; sourceTree = "<group>"; };
		09D19A6125B38D5100C0C476 /* Array+Helpers.swift */ = {isa = PBXFileReference; lastKnownFileType = sourcecode.swift; path = "Array+Helpers.swift"; sourceTree = "<group>"; };
		09D19A6425B38DDB00C0C476 /* MemberDataProvider.swift */ = {isa = PBXFileReference; lastKnownFileType = sourcecode.swift; path = MemberDataProvider.swift; sourceTree = "<group>"; };
		09D3FC0325B4F80000CC744A /* ImageError.swift */ = {isa = PBXFileReference; lastKnownFileType = sourcecode.swift; path = ImageError.swift; sourceTree = "<group>"; };
		09D3FC0825B5015C00CC744A /* WorkspaceWindow.swift */ = {isa = PBXFileReference; lastKnownFileType = sourcecode.swift; path = WorkspaceWindow.swift; sourceTree = "<group>"; };
		09D3FC0D25B50ADA00CC744A /* WorkspaceKeyManager.swift */ = {isa = PBXFileReference; lastKnownFileType = sourcecode.swift; path = WorkspaceKeyManager.swift; sourceTree = "<group>"; };
		09F534E625A7F76D001B4FF6 /* SpeechAnalyzerDelegate.swift */ = {isa = PBXFileReference; lastKnownFileType = sourcecode.swift; path = SpeechAnalyzerDelegate.swift; sourceTree = "<group>"; };
		09F60AC5258BFD450020974A /* NSRect+Location.swift */ = {isa = PBXFileReference; lastKnownFileType = sourcecode.swift; path = "NSRect+Location.swift"; sourceTree = "<group>"; };
		09F60AC8258C13680020974A /* Icon.swift */ = {isa = PBXFileReference; lastKnownFileType = sourcecode.swift; path = Icon.swift; sourceTree = "<group>"; };
		09F60ACB258C2FD50020974A /* Style.swift */ = {isa = PBXFileReference; lastKnownFileType = sourcecode.swift; path = Style.swift; sourceTree = "<group>"; };
		09F60ACE258C37AC0020974A /* NSView+Animation.swift */ = {isa = PBXFileReference; lastKnownFileType = sourcecode.swift; path = "NSView+Animation.swift"; sourceTree = "<group>"; };
		09FF53CF25B524930083CD28 /* ChannelWindowController.swift */ = {isa = PBXFileReference; lastKnownFileType = sourcecode.swift; path = ChannelWindowController.swift; sourceTree = "<group>"; };
		09FF53D225B5293D0083CD28 /* ChannelRenderSpec.swift */ = {isa = PBXFileReference; lastKnownFileType = sourcecode.swift; path = ChannelRenderSpec.swift; sourceTree = "<group>"; };
/* End PBXFileReference section */

/* Begin PBXFrameworksBuildPhase section */
		0990878E25797561001660D1 /* Frameworks */ = {
			isa = PBXFrameworksBuildPhase;
			buildActionMask = 2147483647;
			files = (
				09F60AD72592B7CE0020974A /* HotKey in Frameworks */,
				096862D525829FE300B9B614 /* Arrow in Frameworks */,
				096862F82582CF6700B9B614 /* Cache in Frameworks */,
				096862CA258202BB00B9B614 /* Networking in Frameworks */,
				0995DE2D25818AF000DAA334 /* Logging in Frameworks */,
			);
			runOnlyForDeploymentPostprocessing = 0;
		};
/* End PBXFrameworksBuildPhase section */

/* Begin PBXGroup section */
		0940E07925A7ACD6006184D7 /* Settings */ = {
			isa = PBXGroup;
			children = (
				0940E07A25A7ACF1006184D7 /* UserSettings.swift */,
			);
			path = Settings;
			sourceTree = "<group>";
		};
		0949C8A52598EB7000B61D1F /* ChannelParticleView */ = {
			isa = PBXGroup;
			children = (
				09074D80259934B900E72F93 /* ChannelParticleView.swift */,
			);
			path = ChannelParticleView;
			sourceTree = "<group>";
		};
		0949C8AD2598ED7700B61D1F /* ParticleView */ = {
			isa = PBXGroup;
			children = (
				099997512595371E008E65FB /* ParticleView.swift */,
				0949C8B1259908E900B61D1F /* ParticleViewDelegate.swift */,
				0999974E25953600008E65FB /* ParticleShader.metal */,
			);
			path = ParticleView;
			sourceTree = "<group>";
		};
		095C6763259A69A500729845 /* SpinnerViews */ = {
			isa = PBXGroup;
			children = (
				095C6764259A6A8800729845 /* ChasingTailSpinnerView.swift */,
			);
			path = SpinnerViews;
			sourceTree = "<group>";
		};
		095C676A259E704100729845 /* SelfDrawnCheckmarkView */ = {
			isa = PBXGroup;
			children = (
				095C676B259E706000729845 /* SelfDrawnCheckmarkView.swift */,
			);
			path = SelfDrawnCheckmarkView;
			sourceTree = "<group>";
		};
		095C677825A29C6C00729845 /* Models+Arrow */ = {
			isa = PBXGroup;
			children = (
				096862DD2582A2EB00B9B614 /* User+Arrow.swift */,
				096862E42582A67F00B9B614 /* Name+Arrow.swift */,
				096862EA2582A8D000B9B614 /* Workspace+Arrow.swift */,
				095C677525A29C6700729845 /* Channel+Arrow.swift */,
				096862F02582ACE100B9B614 /* Member+Arrow.swift */,
				095C677925A29CC300729845 /* Message+Arrow.swift */,
			);
			path = "Models+Arrow";
			sourceTree = "<group>";
		};
		095C678A25A3D8EB00729845 /* AV */ = {
			isa = PBXGroup;
			children = (
				0940E06D25A4D946006184D7 /* AV.swift */,
				09C1328925A7C9F200FB1D90 /* Inputs */,
				0996443425A8F44F004473B7 /* Recorders */,
				0996444625ABD32D004473B7 /* Analysis */,
				09C1328A25A7C9FF00FB1D90 /* Speech */,
			);
			path = AV;
			sourceTree = "<group>";
		};
		0968630D2583176B00B9B614 /* WorkspaceWindow */ = {
			isa = PBXGroup;
			children = (
				096862F32582B54F00B9B614 /* WorkspaceWindowController.swift */,
				094DAB1B25B11F0A00CFC2EC /* WorkspaceWindowModel.swift */,
				09D3FC0825B5015C00CC744A /* WorkspaceWindow.swift */,
			);
			path = WorkspaceWindow;
			sourceTree = "<group>";
		};
		0968632125840AA900B9B614 /* ChannelWindow */ = {
			isa = PBXGroup;
			children = (
				09FF53CF25B524930083CD28 /* ChannelWindowController.swift */,
				097228F625B63EA100219591 /* ChannelWindow.swift */,
				09FF53D225B5293D0083CD28 /* ChannelRenderSpec.swift */,
				09074D862599BD0500E72F93 /* ChannelState.swift */,
			);
			path = ChannelWindow;
			sourceTree = "<group>";
		};
		096863262584279600B9B614 /* ChannelView */ = {
			isa = PBXGroup;
			children = (
				09686327258427A500B9B614 /* ChannelViewController.swift */,
				0968632B2584299400B9B614 /* ChannelView.swift */,
			);
			path = ChannelView;
			sourceTree = "<group>";
		};
		0968632F25859A0B00B9B614 /* ChannelAvatarView */ = {
			isa = PBXGroup;
			children = (
				09074D83259982DE00E72F93 /* ChannelAvatarViewController.swift */,
				097228FB25BC8F0C00219591 /* ChannelAvatarViewModel.swift */,
				0968633025859A3000B9B614 /* ChannelAvatarView.swift */,
			);
			path = ChannelAvatarView;
			sourceTree = "<group>";
		};
		0990878825797561001660D1 = {
			isa = PBXGroup;
			children = (
				0990879325797561001660D1 /* Chat */,
				0990879225797561001660D1 /* Products */,
			);
			sourceTree = "<group>";
		};
		0990879225797561001660D1 /* Products */ = {
			isa = PBXGroup;
			children = (
				0990879125797561001660D1 /* Chat.app */,
			);
			name = Products;
			sourceTree = "<group>";
		};
		0990879325797561001660D1 /* Chat */ = {
			isa = PBXGroup;
			children = (
				099087A525797645001660D1 /* main.swift */,
				0990879425797561001660D1 /* AppDelegate.swift */,
				099087A7257976BF001660D1 /* WindowControllerManager.swift */,
				0995DE152581610F00DAA334 /* Windows */,
				0995DE162581611400DAA334 /* Views */,
				0995DE172581611D00DAA334 /* Models */,
				0996444F25AE6FC4004473B7 /* DataProviders */,
				0995DE1D2581698300DAA334 /* Networking */,
				095C678A25A3D8EB00729845 /* AV */,
				09D3FC1A25B51C3100CC744A /* KeyManagers */,
				0996446525AE92D0004473B7 /* Caching */,
				099087BB25799BA2001660D1 /* Utilities */,
				0940E07925A7ACD6006184D7 /* Settings */,
				0995DE1C2581695A00DAA334 /* Extensions */,
				0995DE362581A9A300DAA334 /* Errors */,
				0995DE262581758200DAA334 /* Configs */,
				099087B325797C69001660D1 /* Supporting Files */,
				0990879825797563001660D1 /* Assets.xcassets */,
				0968631E2583FB2A00B9B614 /* mocks.swift */,
			);
			path = Chat;
			sourceTree = "<group>";
		};
		099087B325797C69001660D1 /* Supporting Files */ = {
			isa = PBXGroup;
			children = (
				0990879E25797563001660D1 /* Chat.entitlements */,
				0990879D25797563001660D1 /* Info.plist */,
			);
			name = "Supporting Files";
			sourceTree = "<group>";
		};
		099087BB25799BA2001660D1 /* Utilities */ = {
			isa = PBXGroup;
			children = (
				099087BC25799BC2001660D1 /* Screen.swift */,
				0995DE2025816B5E00DAA334 /* Config.swift */,
				0995DE2E25818B3E00DAA334 /* Logger.swift */,
				0995DE342581A51F00DAA334 /* Keychain.swift */,
				09F60AC8258C13680020974A /* Icon.swift */,
				09F60ACB258C2FD50020974A /* Style.swift */,
				09074D7C2599222700E72F93 /* Color.swift */,
				094DAAEF25AEDAB900CFC2EC /* Path.swift */,
				094DAB1025AFD72900CFC2EC /* Session.swift */,
			);
			path = Utilities;
			sourceTree = "<group>";
		};
		0995DDFD257AED9D00DAA334 /* SidebarWindow */ = {
			isa = PBXGroup;
			children = (
				0995DE00257AEDEC00DAA334 /* SidebarWindowController.swift */,
				0995DDFE257AEDE000DAA334 /* SidebarWindow.swift */,
			);
			path = SidebarWindow;
			sourceTree = "<group>";
		};
		0995DE152581610F00DAA334 /* Windows */ = {
			isa = PBXGroup;
			children = (
				0995DDFB257AED6400DAA334 /* FloatingWindow.swift */,
				0995DDFD257AED9D00DAA334 /* SidebarWindow */,
				0968630D2583176B00B9B614 /* WorkspaceWindow */,
				0968632125840AA900B9B614 /* ChannelWindow */,
			);
			path = Windows;
			sourceTree = "<group>";
		};
		0995DE162581611400DAA334 /* Views */ = {
			isa = PBXGroup;
			children = (
				096863262584279600B9B614 /* ChannelView */,
				0968632F25859A0B00B9B614 /* ChannelAvatarView */,
				0949C8A52598EB7000B61D1F /* ChannelParticleView */,
				0949C8AD2598ED7700B61D1F /* ParticleView */,
				095C6763259A69A500729845 /* SpinnerViews */,
				095C676A259E704100729845 /* SelfDrawnCheckmarkView */,
				096863342586C2B000B9B614 /* RoundView.swift */,
				096863372586C42B00B9B614 /* RoundShadowView.swift */,
			);
			path = Views;
			sourceTree = "<group>";
		};
		0995DE172581611D00DAA334 /* Models */ = {
			isa = PBXGroup;
			children = (
				096862CC25829C5A00B9B614 /* User.swift */,
				096862E12582A61C00B9B614 /* Name.swift */,
				096862E72582A88600B9B614 /* Workspace.swift */,
				095C676F25A29AA200729845 /* Channel.swift */,
				096862ED2582ABCE00B9B614 /* Member.swift */,
				095C677225A29B7300729845 /* Message.swift */,
				0996445425AE7A1D004473B7 /* Model.swift */,
			);
			path = Models;
			sourceTree = "<group>";
		};
		0995DE1C2581695A00DAA334 /* Extensions */ = {
			isa = PBXGroup;
			children = (
				095C677825A29C6C00729845 /* Models+Arrow */,
				0995DE12257B388500DAA334 /* NSBezierPath+CGPath.swift */,
				096862D72582A03F00B9B614 /* Arrow+Networking.swift */,
				09F60AC5258BFD450020974A /* NSRect+Location.swift */,
				09F60ACE258C37AC0020974A /* NSView+Animation.swift */,
				0949C896259686E800B61D1F /* NSView+Subviews.swift */,
				09C1328025A7C3AC00FB1D90 /* SFSpeechRecognizer+AuthStatus.swift */,
				094DAB0925AFB98600CFC2EC /* Dictionary+Helpers.swift */,
				094DAB0D25AFBB8F00CFC2EC /* String+Helpers.swift */,
				094DAB1325AFE70500CFC2EC /* NSImage+Helpers.swift */,
				094DAB1E25B1335E00CFC2EC /* Publisher+Operators.swift */,
				09D19A6125B38D5100C0C476 /* Array+Helpers.swift */,
				0972290125BCC98800219591 /* UserDefaults+RawRepresentable.swift */,
			);
			path = Extensions;
			sourceTree = "<group>";
		};
		0995DE1D2581698300DAA334 /* Networking */ = {
			isa = PBXGroup;
			children = (
				0995DE3C2581CF6A00DAA334 /* API.swift */,
				0995DE392581CA6D00DAA334 /* APIs */,
			);
			path = Networking;
			sourceTree = "<group>";
		};
		0995DE262581758200DAA334 /* Configs */ = {
			isa = PBXGroup;
			children = (
				0995DE29258180F600DAA334 /* Development.xcconfig */,
				0995DE2A2581814200DAA334 /* Production.xcconfig */,
			);
			path = Configs;
			sourceTree = "<group>";
		};
		0995DE362581A9A300DAA334 /* Errors */ = {
			isa = PBXGroup;
			children = (
				094DAAE425AEBA3300CFC2EC /* DataProviderError.swift */,
				0995DE372581A9BC00DAA334 /* KeychainError.swift */,
				094DAAE725AEBAE300CFC2EC /* LocalCacheError.swift */,
				09D3FC0325B4F80000CC744A /* ImageError.swift */,
			);
			path = Errors;
			sourceTree = "<group>";
		};
		0995DE392581CA6D00DAA334 /* APIs */ = {
			isa = PBXGroup;
			children = (
				0995DE3A2581CA7500DAA334 /* InternalAPI.swift */,
			);
			path = APIs;
			sourceTree = "<group>";
		};
		0996443425A8F44F004473B7 /* Recorders */ = {
			isa = PBXGroup;
			children = (
				0996443525A8F4A6004473B7 /* AudioRecorder.swift */,
				0996443925A8F6B5004473B7 /* AudioRecording.swift */,
			);
			path = Recorders;
			sourceTree = "<group>";
		};
		0996444625ABD32D004473B7 /* Analysis */ = {
			isa = PBXGroup;
			children = (
				0996444325ABAB43004473B7 /* AudioAnalysis.swift */,
				0996444725ABD34D004473B7 /* AudioSnapshot.swift */,
			);
			path = Analysis;
			sourceTree = "<group>";
		};
		0996444F25AE6FC4004473B7 /* DataProviders */ = {
			isa = PBXGroup;
			children = (
				0996445025AE6FD9004473B7 /* DataProvider.swift */,
				094DAAFF25AF942500CFC2EC /* WorkspaceDataProvider.swift */,
				09D19A5E25B25DAD00C0C476 /* ChannelDataProvider.swift */,
				09D19A6425B38DDB00C0C476 /* MemberDataProvider.swift */,
				094DAB0225AF948300CFC2EC /* UserDataProvider.swift */,
			);
			path = DataProviders;
			sourceTree = "<group>";
		};
		0996446525AE92D0004473B7 /* Caching */ = {
			isa = PBXGroup;
			children = (
				0996446625AE92DF004473B7 /* CacheManager.swift */,
				0996446A25AE92FD004473B7 /* CodableCache.swift */,
				094DAB1725AFEB0900CFC2EC /* ImageCache.swift */,
			);
			path = Caching;
			sourceTree = "<group>";
		};
		09C1328925A7C9F200FB1D90 /* Inputs */ = {
			isa = PBXGroup;
			children = (
				0940E07F25A7B6AB006184D7 /* Mic.swift */,
			);
			path = Inputs;
			sourceTree = "<group>";
		};
		09C1328A25A7C9FF00FB1D90 /* Speech */ = {
			isa = PBXGroup;
			children = (
				09C1328B25A7CA0800FB1D90 /* SpeechAnalyzers */,
				09C1328325A7C6A500FB1D90 /* SpeechRecognizer.swift */,
				0996443C25A91755004473B7 /* SpeechRecognizerDelegate.swift */,
			);
			path = Speech;
			sourceTree = "<group>";
		};
		09C1328B25A7CA0800FB1D90 /* SpeechAnalyzers */ = {
			isa = PBXGroup;
			children = (
				09F534EA25A7F776001B4FF6 /* SpeechAnalyzer */,
				09F534E525A7F506001B4FF6 /* ChannelPromptSpeechAnalyzer */,
			);
			path = SpeechAnalyzers;
			sourceTree = "<group>";
		};
		09D3FC1A25B51C3100CC744A /* KeyManagers */ = {
			isa = PBXGroup;
			children = (
				09D3FC0D25B50ADA00CC744A /* WorkspaceKeyManager.swift */,
			);
			path = KeyManagers;
			sourceTree = "<group>";
		};
		09F534E525A7F506001B4FF6 /* ChannelPromptSpeechAnalyzer */ = {
			isa = PBXGroup;
			children = (
				09C1328C25A7CA3600FB1D90 /* ChannelPromptSpeechAnalyzer.swift */,
			);
			path = ChannelPromptSpeechAnalyzer;
			sourceTree = "<group>";
		};
		09F534EA25A7F776001B4FF6 /* SpeechAnalyzer */ = {
			isa = PBXGroup;
			children = (
				09C1328625A7C9C600FB1D90 /* SpeechAnalyzer.swift */,
				09C1329325A7D59800FB1D90 /* SpeechAnalyzerType.swift */,
				09C1329025A7D19E00FB1D90 /* SpeechAnalyzerProtocol.swift */,
				09F534E625A7F76D001B4FF6 /* SpeechAnalyzerDelegate.swift */,
			);
			path = SpeechAnalyzer;
			sourceTree = "<group>";
		};
/* End PBXGroup section */

/* Begin PBXNativeTarget section */
		0990879025797561001660D1 /* Chat */ = {
			isa = PBXNativeTarget;
			buildConfigurationList = 099087A125797563001660D1 /* Build configuration list for PBXNativeTarget "Chat" */;
			buildPhases = (
				0990878D25797561001660D1 /* Sources */,
				0990878E25797561001660D1 /* Frameworks */,
				0990878F25797561001660D1 /* Resources */,
			);
			buildRules = (
			);
			dependencies = (
			);
			name = Chat;
			packageProductDependencies = (
				0995DE2C25818AF000DAA334 /* Logging */,
				096862C9258202BB00B9B614 /* Networking */,
				096862D425829FE300B9B614 /* Arrow */,
				096862F72582CF6700B9B614 /* Cache */,
				09F60AD62592B7CE0020974A /* HotKey */,
			);
			productName = Chat;
			productReference = 0990879125797561001660D1 /* Chat.app */;
			productType = "com.apple.product-type.application";
		};
/* End PBXNativeTarget section */

/* Begin PBXProject section */
		0990878925797561001660D1 /* Project object */ = {
			isa = PBXProject;
			attributes = {
				LastSwiftUpdateCheck = 1170;
				LastUpgradeCheck = 1220;
				ORGANIZATIONNAME = "Ben Whittle";
				TargetAttributes = {
					0990879025797561001660D1 = {
						CreatedOnToolsVersion = 11.7;
					};
				};
			};
			buildConfigurationList = 0990878C25797561001660D1 /* Build configuration list for PBXProject "Chat" */;
			compatibilityVersion = "Xcode 9.3";
			developmentRegion = en;
			hasScannedForEncodings = 0;
			knownRegions = (
				en,
				Base,
			);
			mainGroup = 0990878825797561001660D1;
			packageReferences = (
				0995DE2B25818AF000DAA334 /* XCRemoteSwiftPackageReference "swift-log" */,
				096862C8258202BB00B9B614 /* XCRemoteSwiftPackageReference "Networking" */,
				096862D325829FE300B9B614 /* XCRemoteSwiftPackageReference "Arrow" */,
				096862F62582CF6700B9B614 /* XCRemoteSwiftPackageReference "Cache" */,
				09F60AD52592B7CD0020974A /* XCRemoteSwiftPackageReference "HotKey" */,
			);
			productRefGroup = 0990879225797561001660D1 /* Products */;
			projectDirPath = "";
			projectRoot = "";
			targets = (
				0990879025797561001660D1 /* Chat */,
			);
		};
/* End PBXProject section */

/* Begin PBXResourcesBuildPhase section */
		0990878F25797561001660D1 /* Resources */ = {
			isa = PBXResourcesBuildPhase;
			buildActionMask = 2147483647;
			files = (
				0990879925797563001660D1 /* Assets.xcassets in Resources */,
			);
			runOnlyForDeploymentPostprocessing = 0;
		};
/* End PBXResourcesBuildPhase section */

/* Begin PBXSourcesBuildPhase section */
		0990878D25797561001660D1 /* Sources */ = {
			isa = PBXSourcesBuildPhase;
			buildActionMask = 2147483647;
			files = (
				09074D81259934B900E72F93 /* ChannelParticleView.swift in Sources */,
				094DAAE525AEBA3300CFC2EC /* DataProviderError.swift in Sources */,
				099087BD25799BC2001660D1 /* Screen.swift in Sources */,
				096862EB2582A8D000B9B614 /* Workspace+Arrow.swift in Sources */,
				096863382586C42B00B9B614 /* RoundShadowView.swift in Sources */,
				097228FC25BC8F0C00219591 /* ChannelAvatarViewModel.swift in Sources */,
				0949C8B2259908E900B61D1F /* ParticleViewDelegate.swift in Sources */,
				094DAB1C25B11F0A00CFC2EC /* WorkspaceWindowModel.swift in Sources */,
				096862EE2582ABCE00B9B614 /* Member.swift in Sources */,
				0995DE382581A9BC00DAA334 /* KeychainError.swift in Sources */,
				09074D84259982DE00E72F93 /* ChannelAvatarViewController.swift in Sources */,
				094DAAF025AEDAB900CFC2EC /* Path.swift in Sources */,
				094DAB1425AFE70500CFC2EC /* NSImage+Helpers.swift in Sources */,
				0996443D25A91755004473B7 /* SpeechRecognizerDelegate.swift in Sources */,
				09D19A6225B38D5100C0C476 /* Array+Helpers.swift in Sources */,
				09D3FC0E25B50ADA00CC744A /* WorkspaceKeyManager.swift in Sources */,
				097228F725B63EA100219591 /* ChannelWindow.swift in Sources */,
				095C677A25A29CC300729845 /* Message+Arrow.swift in Sources */,
				0995DE3B2581CA7500DAA334 /* InternalAPI.swift in Sources */,
				0990879525797561001660D1 /* AppDelegate.swift in Sources */,
				099997522595371E008E65FB /* ParticleView.swift in Sources */,
				094DAB1F25B1335E00CFC2EC /* Publisher+Operators.swift in Sources */,
				094DAB0A25AFB98600CFC2EC /* Dictionary+Helpers.swift in Sources */,
				0968633125859A3000B9B614 /* ChannelAvatarView.swift in Sources */,
				09D19A5F25B25DAD00C0C476 /* ChannelDataProvider.swift in Sources */,
				09C1329125A7D19E00FB1D90 /* SpeechAnalyzerProtocol.swift in Sources */,
				0968632C2584299400B9B614 /* ChannelView.swift in Sources */,
				0940E06E25A4D946006184D7 /* AV.swift in Sources */,
				0949C897259686E800B61D1F /* NSView+Subviews.swift in Sources */,
				094DAB0325AF948300CFC2EC /* UserDataProvider.swift in Sources */,
				0995DE01257AEDEC00DAA334 /* SidebarWindowController.swift in Sources */,
				09D19A6525B38DDB00C0C476 /* MemberDataProvider.swift in Sources */,
				09F60AC6258BFD450020974A /* NSRect+Location.swift in Sources */,
				09D3FC0425B4F80000CC744A /* ImageError.swift in Sources */,
				094DAB0E25AFBB8F00CFC2EC /* String+Helpers.swift in Sources */,
				096862DE2582A2EB00B9B614 /* User+Arrow.swift in Sources */,
				09C1329425A7D59800FB1D90 /* SpeechAnalyzerType.swift in Sources */,
				0995DDFF257AEDE000DAA334 /* SidebarWindow.swift in Sources */,
				0995DE2F25818B3E00DAA334 /* Logger.swift in Sources */,
				096862D82582A03F00B9B614 /* Arrow+Networking.swift in Sources */,
				094DAB0025AF942500CFC2EC /* WorkspaceDataProvider.swift in Sources */,
				09C1328125A7C3AC00FB1D90 /* SFSpeechRecognizer+AuthStatus.swift in Sources */,
				0968631F2583FB2A00B9B614 /* mocks.swift in Sources */,
				099087A625797645001660D1 /* main.swift in Sources */,
				0995DE13257B388500DAA334 /* NSBezierPath+CGPath.swift in Sources */,
				0995DDFC257AED6400DAA334 /* FloatingWindow.swift in Sources */,
				094DAB1825AFEB0900CFC2EC /* ImageCache.swift in Sources */,
				09F60ACF258C37AC0020974A /* NSView+Animation.swift in Sources */,
				0996445125AE6FD9004473B7 /* DataProvider.swift in Sources */,
				094DAAE825AEBAE300CFC2EC /* LocalCacheError.swift in Sources */,
				096862E82582A88600B9B614 /* Workspace.swift in Sources */,
				09C1328425A7C6A500FB1D90 /* SpeechRecognizer.swift in Sources */,
				0995DE352581A51F00DAA334 /* Keychain.swift in Sources */,
				0995DE3D2581CF6A00DAA334 /* API.swift in Sources */,
				096862F12582ACE100B9B614 /* Member+Arrow.swift in Sources */,
				09FF53D025B524930083CD28 /* ChannelWindowController.swift in Sources */,
				0972290225BCC98800219591 /* UserDefaults+RawRepresentable.swift in Sources */,
				0996445525AE7A1D004473B7 /* Model.swift in Sources */,
				095C676C259E706000729845 /* SelfDrawnCheckmarkView.swift in Sources */,
				09FF53D325B5293D0083CD28 /* ChannelRenderSpec.swift in Sources */,
				095C6765259A6A8800729845 /* ChasingTailSpinnerView.swift in Sources */,
				0996446B25AE92FD004473B7 /* CodableCache.swift in Sources */,
				096862E52582A67F00B9B614 /* Name+Arrow.swift in Sources */,
				0940E07B25A7ACF1006184D7 /* UserSettings.swift in Sources */,
				0999974F25953600008E65FB /* ParticleShader.metal in Sources */,
				096862F42582B54F00B9B614 /* WorkspaceWindowController.swift in Sources */,
				09F60AC9258C13680020974A /* Icon.swift in Sources */,
				09074D7D2599222700E72F93 /* Color.swift in Sources */,
				0996444825ABD34D004473B7 /* AudioSnapshot.swift in Sources */,
				09F60ACC258C2FD50020974A /* Style.swift in Sources */,
				096863352586C2B000B9B614 /* RoundView.swift in Sources */,
				094DAB1125AFD72900CFC2EC /* Session.swift in Sources */,
				0996443625A8F4A6004473B7 /* AudioRecorder.swift in Sources */,
				095C677325A29B7300729845 /* Message.swift in Sources */,
				0995DE2125816B5E00DAA334 /* Config.swift in Sources */,
				09074D872599BD0500E72F93 /* ChannelState.swift in Sources */,
				095C677025A29AA200729845 /* Channel.swift in Sources */,
				09686328258427A500B9B614 /* ChannelViewController.swift in Sources */,
				095C677625A29C6700729845 /* Channel+Arrow.swift in Sources */,
				0996443A25A8F6B5004473B7 /* AudioRecording.swift in Sources */,
				09C1328D25A7CA3600FB1D90 /* ChannelPromptSpeechAnalyzer.swift in Sources */,
				099087A8257976BF001660D1 /* WindowControllerManager.swift in Sources */,
				09C1328725A7C9C600FB1D90 /* SpeechAnalyzer.swift in Sources */,
				096862CD25829C5A00B9B614 /* User.swift in Sources */,
				0940E08025A7B6AB006184D7 /* Mic.swift in Sources */,
				09F534E725A7F76D001B4FF6 /* SpeechAnalyzerDelegate.swift in Sources */,
				09D3FC0925B5015C00CC744A /* WorkspaceWindow.swift in Sources */,
				0996446725AE92DF004473B7 /* CacheManager.swift in Sources */,
				096862E22582A61C00B9B614 /* Name.swift in Sources */,
				0996444425ABAB43004473B7 /* AudioAnalysis.swift in Sources */,
			);
			runOnlyForDeploymentPostprocessing = 0;
		};
/* End PBXSourcesBuildPhase section */

/* Begin XCBuildConfiguration section */
		0990879F25797563001660D1 /* Debug (Development) */ = {
			isa = XCBuildConfiguration;
			baseConfigurationReference = 0995DE29258180F600DAA334 /* Development.xcconfig */;
			buildSettings = {
				ALWAYS_SEARCH_USER_PATHS = NO;
				CLANG_ANALYZER_NONNULL = YES;
				CLANG_ANALYZER_NUMBER_OBJECT_CONVERSION = YES_AGGRESSIVE;
				CLANG_CXX_LANGUAGE_STANDARD = "gnu++14";
				CLANG_CXX_LIBRARY = "libc++";
				CLANG_ENABLE_MODULES = YES;
				CLANG_ENABLE_OBJC_ARC = YES;
				CLANG_ENABLE_OBJC_WEAK = YES;
				CLANG_WARN_BLOCK_CAPTURE_AUTORELEASING = YES;
				CLANG_WARN_BOOL_CONVERSION = YES;
				CLANG_WARN_COMMA = YES;
				CLANG_WARN_CONSTANT_CONVERSION = YES;
				CLANG_WARN_DEPRECATED_OBJC_IMPLEMENTATIONS = YES;
				CLANG_WARN_DIRECT_OBJC_ISA_USAGE = YES_ERROR;
				CLANG_WARN_DOCUMENTATION_COMMENTS = YES;
				CLANG_WARN_EMPTY_BODY = YES;
				CLANG_WARN_ENUM_CONVERSION = YES;
				CLANG_WARN_INFINITE_RECURSION = YES;
				CLANG_WARN_INT_CONVERSION = YES;
				CLANG_WARN_NON_LITERAL_NULL_CONVERSION = YES;
				CLANG_WARN_OBJC_IMPLICIT_RETAIN_SELF = YES;
				CLANG_WARN_OBJC_LITERAL_CONVERSION = YES;
				CLANG_WARN_OBJC_ROOT_CLASS = YES_ERROR;
				CLANG_WARN_QUOTED_INCLUDE_IN_FRAMEWORK_HEADER = YES;
				CLANG_WARN_RANGE_LOOP_ANALYSIS = YES;
				CLANG_WARN_STRICT_PROTOTYPES = YES;
				CLANG_WARN_SUSPICIOUS_MOVE = YES;
				CLANG_WARN_UNGUARDED_AVAILABILITY = YES_AGGRESSIVE;
				CLANG_WARN_UNREACHABLE_CODE = YES;
				CLANG_WARN__DUPLICATE_METHOD_MATCH = YES;
				COPY_PHASE_STRIP = NO;
				DEBUG_INFORMATION_FORMAT = dwarf;
				ENABLE_STRICT_OBJC_MSGSEND = YES;
				ENABLE_TESTABILITY = YES;
				GCC_C_LANGUAGE_STANDARD = gnu11;
				GCC_DYNAMIC_NO_PIC = NO;
				GCC_NO_COMMON_BLOCKS = YES;
				GCC_OPTIMIZATION_LEVEL = 0;
				GCC_PREPROCESSOR_DEFINITIONS = (
					"DEBUG=1",
					"$(inherited)",
				);
				GCC_WARN_64_TO_32_BIT_CONVERSION = YES;
				GCC_WARN_ABOUT_RETURN_TYPE = YES_ERROR;
				GCC_WARN_UNDECLARED_SELECTOR = YES;
				GCC_WARN_UNINITIALIZED_AUTOS = YES_AGGRESSIVE;
				GCC_WARN_UNUSED_FUNCTION = YES;
				GCC_WARN_UNUSED_VARIABLE = YES;
				MACOSX_DEPLOYMENT_TARGET = 10.15;
				MTL_ENABLE_DEBUG_INFO = INCLUDE_SOURCE;
				MTL_FAST_MATH = YES;
				ONLY_ACTIVE_ARCH = YES;
				SDKROOT = macosx;
				SWIFT_ACTIVE_COMPILATION_CONDITIONS = DEBUG;
				SWIFT_OPTIMIZATION_LEVEL = "-Onone";
			};
			name = "Debug (Development)";
		};
		099087A025797563001660D1 /* Release (Development) */ = {
			isa = XCBuildConfiguration;
			baseConfigurationReference = 0995DE29258180F600DAA334 /* Development.xcconfig */;
			buildSettings = {
				ALWAYS_SEARCH_USER_PATHS = NO;
				CLANG_ANALYZER_NONNULL = YES;
				CLANG_ANALYZER_NUMBER_OBJECT_CONVERSION = YES_AGGRESSIVE;
				CLANG_CXX_LANGUAGE_STANDARD = "gnu++14";
				CLANG_CXX_LIBRARY = "libc++";
				CLANG_ENABLE_MODULES = YES;
				CLANG_ENABLE_OBJC_ARC = YES;
				CLANG_ENABLE_OBJC_WEAK = YES;
				CLANG_WARN_BLOCK_CAPTURE_AUTORELEASING = YES;
				CLANG_WARN_BOOL_CONVERSION = YES;
				CLANG_WARN_COMMA = YES;
				CLANG_WARN_CONSTANT_CONVERSION = YES;
				CLANG_WARN_DEPRECATED_OBJC_IMPLEMENTATIONS = YES;
				CLANG_WARN_DIRECT_OBJC_ISA_USAGE = YES_ERROR;
				CLANG_WARN_DOCUMENTATION_COMMENTS = YES;
				CLANG_WARN_EMPTY_BODY = YES;
				CLANG_WARN_ENUM_CONVERSION = YES;
				CLANG_WARN_INFINITE_RECURSION = YES;
				CLANG_WARN_INT_CONVERSION = YES;
				CLANG_WARN_NON_LITERAL_NULL_CONVERSION = YES;
				CLANG_WARN_OBJC_IMPLICIT_RETAIN_SELF = YES;
				CLANG_WARN_OBJC_LITERAL_CONVERSION = YES;
				CLANG_WARN_OBJC_ROOT_CLASS = YES_ERROR;
				CLANG_WARN_QUOTED_INCLUDE_IN_FRAMEWORK_HEADER = YES;
				CLANG_WARN_RANGE_LOOP_ANALYSIS = YES;
				CLANG_WARN_STRICT_PROTOTYPES = YES;
				CLANG_WARN_SUSPICIOUS_MOVE = YES;
				CLANG_WARN_UNGUARDED_AVAILABILITY = YES_AGGRESSIVE;
				CLANG_WARN_UNREACHABLE_CODE = YES;
				CLANG_WARN__DUPLICATE_METHOD_MATCH = YES;
				COPY_PHASE_STRIP = NO;
				DEBUG_INFORMATION_FORMAT = "dwarf-with-dsym";
				ENABLE_NS_ASSERTIONS = NO;
				ENABLE_STRICT_OBJC_MSGSEND = YES;
				ENABLE_TESTABILITY = YES;
				GCC_C_LANGUAGE_STANDARD = gnu11;
				GCC_NO_COMMON_BLOCKS = YES;
				GCC_WARN_64_TO_32_BIT_CONVERSION = YES;
				GCC_WARN_ABOUT_RETURN_TYPE = YES_ERROR;
				GCC_WARN_UNDECLARED_SELECTOR = YES;
				GCC_WARN_UNINITIALIZED_AUTOS = YES_AGGRESSIVE;
				GCC_WARN_UNUSED_FUNCTION = YES;
				GCC_WARN_UNUSED_VARIABLE = YES;
				MACOSX_DEPLOYMENT_TARGET = 10.15;
				MTL_ENABLE_DEBUG_INFO = NO;
				MTL_FAST_MATH = YES;
				ONLY_ACTIVE_ARCH = YES;
				SDKROOT = macosx;
				SWIFT_COMPILATION_MODE = wholemodule;
				SWIFT_OPTIMIZATION_LEVEL = "-O";
			};
			name = "Release (Development)";
		};
		099087A225797563001660D1 /* Debug (Development) */ = {
			isa = XCBuildConfiguration;
			baseConfigurationReference = 0995DE29258180F600DAA334 /* Development.xcconfig */;
			buildSettings = {
				ASSETCATALOG_COMPILER_APPICON_NAME = AppIcon;
				CODE_SIGN_ENTITLEMENTS = Chat/Chat.entitlements;
				CODE_SIGN_IDENTITY = "Apple Development";
				CODE_SIGN_STYLE = Automatic;
				COMBINE_HIDPI_IMAGES = YES;
				DEVELOPMENT_TEAM = 2X8HM5UJ6Y;
				INFOPLIST_FILE = Chat/Info.plist;
				LD_RUNPATH_SEARCH_PATHS = (
					"$(inherited)",
					"@executable_path/../Frameworks",
				);
				MACOSX_DEPLOYMENT_TARGET = 10.15;
				PRODUCT_BUNDLE_IDENTIFIER = com.benWhittle.Chat.dev;
				PRODUCT_NAME = "$(TARGET_NAME)";
				PROVISIONING_PROFILE_SPECIFIER = "";
				SWIFT_VERSION = 5.0;
			};
			name = "Debug (Development)";
		};
		099087A325797563001660D1 /* Release (Development) */ = {
			isa = XCBuildConfiguration;
			baseConfigurationReference = 0995DE29258180F600DAA334 /* Development.xcconfig */;
			buildSettings = {
				ASSETCATALOG_COMPILER_APPICON_NAME = AppIcon;
				CODE_SIGN_ENTITLEMENTS = Chat/Chat.entitlements;
				CODE_SIGN_IDENTITY = "Apple Development";
				CODE_SIGN_STYLE = Automatic;
				COMBINE_HIDPI_IMAGES = YES;
				DEVELOPMENT_TEAM = 2X8HM5UJ6Y;
				INFOPLIST_FILE = Chat/Info.plist;
				LD_RUNPATH_SEARCH_PATHS = (
					"$(inherited)",
					"@executable_path/../Frameworks",
				);
				MACOSX_DEPLOYMENT_TARGET = 10.15;
				PRODUCT_BUNDLE_IDENTIFIER = com.benWhittle.Chat.dev;
				PRODUCT_NAME = "$(TARGET_NAME)";
				SWIFT_VERSION = 5.0;
			};
			name = "Release (Development)";
		};
		0995DE222581737700DAA334 /* Debug (Production) */ = {
			isa = XCBuildConfiguration;
			baseConfigurationReference = 0995DE2A2581814200DAA334 /* Production.xcconfig */;
			buildSettings = {
				ALWAYS_SEARCH_USER_PATHS = NO;
				CLANG_ANALYZER_NONNULL = YES;
				CLANG_ANALYZER_NUMBER_OBJECT_CONVERSION = YES_AGGRESSIVE;
				CLANG_CXX_LANGUAGE_STANDARD = "gnu++14";
				CLANG_CXX_LIBRARY = "libc++";
				CLANG_ENABLE_MODULES = YES;
				CLANG_ENABLE_OBJC_ARC = YES;
				CLANG_ENABLE_OBJC_WEAK = YES;
				CLANG_WARN_BLOCK_CAPTURE_AUTORELEASING = YES;
				CLANG_WARN_BOOL_CONVERSION = YES;
				CLANG_WARN_COMMA = YES;
				CLANG_WARN_CONSTANT_CONVERSION = YES;
				CLANG_WARN_DEPRECATED_OBJC_IMPLEMENTATIONS = YES;
				CLANG_WARN_DIRECT_OBJC_ISA_USAGE = YES_ERROR;
				CLANG_WARN_DOCUMENTATION_COMMENTS = YES;
				CLANG_WARN_EMPTY_BODY = YES;
				CLANG_WARN_ENUM_CONVERSION = YES;
				CLANG_WARN_INFINITE_RECURSION = YES;
				CLANG_WARN_INT_CONVERSION = YES;
				CLANG_WARN_NON_LITERAL_NULL_CONVERSION = YES;
				CLANG_WARN_OBJC_IMPLICIT_RETAIN_SELF = YES;
				CLANG_WARN_OBJC_LITERAL_CONVERSION = YES;
				CLANG_WARN_OBJC_ROOT_CLASS = YES_ERROR;
				CLANG_WARN_QUOTED_INCLUDE_IN_FRAMEWORK_HEADER = YES;
				CLANG_WARN_RANGE_LOOP_ANALYSIS = YES;
				CLANG_WARN_STRICT_PROTOTYPES = YES;
				CLANG_WARN_SUSPICIOUS_MOVE = YES;
				CLANG_WARN_UNGUARDED_AVAILABILITY = YES_AGGRESSIVE;
				CLANG_WARN_UNREACHABLE_CODE = YES;
				CLANG_WARN__DUPLICATE_METHOD_MATCH = YES;
				COPY_PHASE_STRIP = NO;
				DEBUG_INFORMATION_FORMAT = dwarf;
				ENABLE_STRICT_OBJC_MSGSEND = YES;
				ENABLE_TESTABILITY = YES;
				GCC_C_LANGUAGE_STANDARD = gnu11;
				GCC_DYNAMIC_NO_PIC = NO;
				GCC_NO_COMMON_BLOCKS = YES;
				GCC_OPTIMIZATION_LEVEL = 0;
				GCC_PREPROCESSOR_DEFINITIONS = (
					"DEBUG=1",
					"$(inherited)",
				);
				GCC_WARN_64_TO_32_BIT_CONVERSION = YES;
				GCC_WARN_ABOUT_RETURN_TYPE = YES_ERROR;
				GCC_WARN_UNDECLARED_SELECTOR = YES;
				GCC_WARN_UNINITIALIZED_AUTOS = YES_AGGRESSIVE;
				GCC_WARN_UNUSED_FUNCTION = YES;
				GCC_WARN_UNUSED_VARIABLE = YES;
				MACOSX_DEPLOYMENT_TARGET = 10.15;
				MTL_ENABLE_DEBUG_INFO = INCLUDE_SOURCE;
				MTL_FAST_MATH = YES;
				ONLY_ACTIVE_ARCH = YES;
				SDKROOT = macosx;
				SWIFT_ACTIVE_COMPILATION_CONDITIONS = DEBUG;
				SWIFT_OPTIMIZATION_LEVEL = "-Onone";
			};
			name = "Debug (Production)";
		};
		0995DE232581737700DAA334 /* Debug (Production) */ = {
			isa = XCBuildConfiguration;
			baseConfigurationReference = 0995DE2A2581814200DAA334 /* Production.xcconfig */;
			buildSettings = {
				ASSETCATALOG_COMPILER_APPICON_NAME = AppIcon;
				CODE_SIGN_ENTITLEMENTS = Chat/Chat.entitlements;
				CODE_SIGN_IDENTITY = "-";
				CODE_SIGN_STYLE = Automatic;
				COMBINE_HIDPI_IMAGES = YES;
				DEVELOPMENT_TEAM = 2X8HM5UJ6Y;
				INFOPLIST_FILE = Chat/Info.plist;
				LD_RUNPATH_SEARCH_PATHS = (
					"$(inherited)",
					"@executable_path/../Frameworks",
				);
				MACOSX_DEPLOYMENT_TARGET = 10.15;
				PRODUCT_BUNDLE_IDENTIFIER = com.benWhittle.Chat.prod;
				PRODUCT_NAME = "$(TARGET_NAME)";
				SWIFT_VERSION = 5.0;
			};
			name = "Debug (Production)";
		};
		0995DE24258173B700DAA334 /* Release (Production) */ = {
			isa = XCBuildConfiguration;
			baseConfigurationReference = 0995DE2A2581814200DAA334 /* Production.xcconfig */;
			buildSettings = {
				ALWAYS_SEARCH_USER_PATHS = NO;
				CLANG_ANALYZER_NONNULL = YES;
				CLANG_ANALYZER_NUMBER_OBJECT_CONVERSION = YES_AGGRESSIVE;
				CLANG_CXX_LANGUAGE_STANDARD = "gnu++14";
				CLANG_CXX_LIBRARY = "libc++";
				CLANG_ENABLE_MODULES = YES;
				CLANG_ENABLE_OBJC_ARC = YES;
				CLANG_ENABLE_OBJC_WEAK = YES;
				CLANG_WARN_BLOCK_CAPTURE_AUTORELEASING = YES;
				CLANG_WARN_BOOL_CONVERSION = YES;
				CLANG_WARN_COMMA = YES;
				CLANG_WARN_CONSTANT_CONVERSION = YES;
				CLANG_WARN_DEPRECATED_OBJC_IMPLEMENTATIONS = YES;
				CLANG_WARN_DIRECT_OBJC_ISA_USAGE = YES_ERROR;
				CLANG_WARN_DOCUMENTATION_COMMENTS = YES;
				CLANG_WARN_EMPTY_BODY = YES;
				CLANG_WARN_ENUM_CONVERSION = YES;
				CLANG_WARN_INFINITE_RECURSION = YES;
				CLANG_WARN_INT_CONVERSION = YES;
				CLANG_WARN_NON_LITERAL_NULL_CONVERSION = YES;
				CLANG_WARN_OBJC_IMPLICIT_RETAIN_SELF = YES;
				CLANG_WARN_OBJC_LITERAL_CONVERSION = YES;
				CLANG_WARN_OBJC_ROOT_CLASS = YES_ERROR;
				CLANG_WARN_QUOTED_INCLUDE_IN_FRAMEWORK_HEADER = YES;
				CLANG_WARN_RANGE_LOOP_ANALYSIS = YES;
				CLANG_WARN_STRICT_PROTOTYPES = YES;
				CLANG_WARN_SUSPICIOUS_MOVE = YES;
				CLANG_WARN_UNGUARDED_AVAILABILITY = YES_AGGRESSIVE;
				CLANG_WARN_UNREACHABLE_CODE = YES;
				CLANG_WARN__DUPLICATE_METHOD_MATCH = YES;
				COPY_PHASE_STRIP = NO;
				DEBUG_INFORMATION_FORMAT = "dwarf-with-dsym";
				ENABLE_NS_ASSERTIONS = NO;
				ENABLE_STRICT_OBJC_MSGSEND = YES;
				GCC_C_LANGUAGE_STANDARD = gnu11;
				GCC_NO_COMMON_BLOCKS = YES;
				GCC_WARN_64_TO_32_BIT_CONVERSION = YES;
				GCC_WARN_ABOUT_RETURN_TYPE = YES_ERROR;
				GCC_WARN_UNDECLARED_SELECTOR = YES;
				GCC_WARN_UNINITIALIZED_AUTOS = YES_AGGRESSIVE;
				GCC_WARN_UNUSED_FUNCTION = YES;
				GCC_WARN_UNUSED_VARIABLE = YES;
				MACOSX_DEPLOYMENT_TARGET = 10.15;
				MTL_ENABLE_DEBUG_INFO = NO;
				MTL_FAST_MATH = YES;
				SDKROOT = macosx;
				SWIFT_COMPILATION_MODE = wholemodule;
				SWIFT_OPTIMIZATION_LEVEL = "-O";
			};
			name = "Release (Production)";
		};
		0995DE25258173B700DAA334 /* Release (Production) */ = {
			isa = XCBuildConfiguration;
			baseConfigurationReference = 0995DE2A2581814200DAA334 /* Production.xcconfig */;
			buildSettings = {
				ASSETCATALOG_COMPILER_APPICON_NAME = AppIcon;
				CODE_SIGN_ENTITLEMENTS = Chat/Chat.entitlements;
				CODE_SIGN_IDENTITY = "-";
				CODE_SIGN_STYLE = Automatic;
				COMBINE_HIDPI_IMAGES = YES;
				DEVELOPMENT_TEAM = 2X8HM5UJ6Y;
				INFOPLIST_FILE = Chat/Info.plist;
				LD_RUNPATH_SEARCH_PATHS = (
					"$(inherited)",
					"@executable_path/../Frameworks",
				);
				MACOSX_DEPLOYMENT_TARGET = 10.15;
				PRODUCT_BUNDLE_IDENTIFIER = com.benWhittle.Chat.prod;
				PRODUCT_NAME = "$(TARGET_NAME)";
				SWIFT_VERSION = 5.0;
			};
			name = "Release (Production)";
		};
/* End XCBuildConfiguration section */

/* Begin XCConfigurationList section */
		0990878C25797561001660D1 /* Build configuration list for PBXProject "Chat" */ = {
			isa = XCConfigurationList;
			buildConfigurations = (
				0990879F25797563001660D1 /* Debug (Development) */,
				0995DE222581737700DAA334 /* Debug (Production) */,
				099087A025797563001660D1 /* Release (Development) */,
				0995DE24258173B700DAA334 /* Release (Production) */,
			);
			defaultConfigurationIsVisible = 0;
			defaultConfigurationName = "Release (Production)";
		};
		099087A125797563001660D1 /* Build configuration list for PBXNativeTarget "Chat" */ = {
			isa = XCConfigurationList;
			buildConfigurations = (
				099087A225797563001660D1 /* Debug (Development) */,
				0995DE232581737700DAA334 /* Debug (Production) */,
				099087A325797563001660D1 /* Release (Development) */,
				0995DE25258173B700DAA334 /* Release (Production) */,
			);
			defaultConfigurationIsVisible = 0;
			defaultConfigurationName = "Release (Production)";
		};
/* End XCConfigurationList section */

/* Begin XCRemoteSwiftPackageReference section */
		096862C8258202BB00B9B614 /* XCRemoteSwiftPackageReference "Networking" */ = {
			isa = XCRemoteSwiftPackageReference;
			repositoryURL = "https://github.com/freshOS/Networking";
			requirement = {
				kind = upToNextMajorVersion;
				minimumVersion = 0.3.2;
			};
		};
		096862D325829FE300B9B614 /* XCRemoteSwiftPackageReference "Arrow" */ = {
			isa = XCRemoteSwiftPackageReference;
			repositoryURL = "https://github.com/freshOS/Arrow";
			requirement = {
				kind = upToNextMajorVersion;
				minimumVersion = 6.0.0;
			};
		};
		096862F62582CF6700B9B614 /* XCRemoteSwiftPackageReference "Cache" */ = {
			isa = XCRemoteSwiftPackageReference;
			repositoryURL = "https://github.com/hyperoslo/Cache";
			requirement = {
				kind = upToNextMajorVersion;
				minimumVersion = 6.0.0;
			};
		};
		0995DE2B25818AF000DAA334 /* XCRemoteSwiftPackageReference "swift-log" */ = {
			isa = XCRemoteSwiftPackageReference;
			repositoryURL = "https://github.com/apple/swift-log.git";
			requirement = {
				kind = upToNextMajorVersion;
				minimumVersion = 1.4.0;
			};
		};
		09F60AD52592B7CD0020974A /* XCRemoteSwiftPackageReference "HotKey" */ = {
			isa = XCRemoteSwiftPackageReference;
			repositoryURL = "https://github.com/soffes/HotKey";
			requirement = {
				kind = upToNextMajorVersion;
				minimumVersion = 0.1.3;
			};
		};
/* End XCRemoteSwiftPackageReference section */

/* Begin XCSwiftPackageProductDependency section */
		096862C9258202BB00B9B614 /* Networking */ = {
			isa = XCSwiftPackageProductDependency;
			package = 096862C8258202BB00B9B614 /* XCRemoteSwiftPackageReference "Networking" */;
			productName = Networking;
		};
		096862D425829FE300B9B614 /* Arrow */ = {
			isa = XCSwiftPackageProductDependency;
			package = 096862D325829FE300B9B614 /* XCRemoteSwiftPackageReference "Arrow" */;
			productName = Arrow;
		};
		096862F72582CF6700B9B614 /* Cache */ = {
			isa = XCSwiftPackageProductDependency;
			package = 096862F62582CF6700B9B614 /* XCRemoteSwiftPackageReference "Cache" */;
			productName = Cache;
		};
		0995DE2C25818AF000DAA334 /* Logging */ = {
			isa = XCSwiftPackageProductDependency;
			package = 0995DE2B25818AF000DAA334 /* XCRemoteSwiftPackageReference "swift-log" */;
			productName = Logging;
		};
		09F60AD62592B7CE0020974A /* HotKey */ = {
			isa = XCSwiftPackageProductDependency;
			package = 09F60AD52592B7CD0020974A /* XCRemoteSwiftPackageReference "HotKey" */;
			productName = HotKey;
		};
/* End XCSwiftPackageProductDependency section */
	};
	rootObject = 0990878925797561001660D1 /* Project object */;
}
